// !$*UTF8*$!
{
	archiveVersion = 1;
	classes = {
	};
	objectVersion = 51;
	objects = {

/* Begin PBXBuildFile section */
		28A34A5DE4D320AB320B8AD1 /* Pods_Quick_Grub2Tests.framework in Frameworks */ = {isa = PBXBuildFile; fileRef = 9AC4D4042D8C16CBCCD9CE47 /* Pods_Quick_Grub2Tests.framework */; };
		85021EDE23FD7C3200F8AD7B /* QuickGrubOnBoarding.swift in Sources */ = {isa = PBXBuildFile; fileRef = 85021EDD23FD7C3200F8AD7B /* QuickGrubOnBoarding.swift */; };
		85021EE023FD8A2700F8AD7B /* OnBoardingViewController.swift in Sources */ = {isa = PBXBuildFile; fileRef = 85021EDF23FD8A2700F8AD7B /* OnBoardingViewController.swift */; };
		85021EE223FDAFA300F8AD7B /* QuickGrubOnboardOverlay.swift in Sources */ = {isa = PBXBuildFile; fileRef = 85021EE123FDAFA300F8AD7B /* QuickGrubOnboardOverlay.swift */; };
		85021EE423FDD27A00F8AD7B /* QuickGrubOnBoardingPage.swift in Sources */ = {isa = PBXBuildFile; fileRef = 85021EE323FDD27A00F8AD7B /* QuickGrubOnBoardingPage.swift */; };
		8504513D23C05C57006DB14A /* BlurView Extension.swift in Sources */ = {isa = PBXBuildFile; fileRef = 8504513C23C05C57006DB14A /* BlurView Extension.swift */; };
		8504514123C2C6F6006DB14A /* UpdateUserProfileViewController.swift in Sources */ = {isa = PBXBuildFile; fileRef = 8504514023C2C6F5006DB14A /* UpdateUserProfileViewController.swift */; };
		8504514523C77E68006DB14A /* checkMarkAnimate.gif in Resources */ = {isa = PBXBuildFile; fileRef = 8504514423C77E66006DB14A /* checkMarkAnimate.gif */; };
		8504D50D23CA4D5C002257A4 /* ForgetPasswordViewController.swift in Sources */ = {isa = PBXBuildFile; fileRef = 8504D50C23CA4D5C002257A4 /* ForgetPasswordViewController.swift */; };
		8504D50F23CD367E002257A4 /* UserFavorite.swift in Sources */ = {isa = PBXBuildFile; fileRef = 8504D50E23CD367E002257A4 /* UserFavorite.swift */; };
		8504D51123CE5377002257A4 /* FavoriteViewController.swift in Sources */ = {isa = PBXBuildFile; fileRef = 8504D51023CE5377002257A4 /* FavoriteViewController.swift */; };
		852C3828241BEC4800EDD0DD /* LoginViewController+Constraints.swift in Sources */ = {isa = PBXBuildFile; fileRef = 852C3827241BEC4800EDD0DD /* LoginViewController+Constraints.swift */; };
		852C382A241BFB1D00EDD0DD /* LoginViewController+UIImagePickerControllerDelegate.swift in Sources */ = {isa = PBXBuildFile; fileRef = 852C3829241BFB1D00EDD0DD /* LoginViewController+UIImagePickerControllerDelegate.swift */; };
		852C382C241BFC0500EDD0DD /* LoginViewController+UITextFieldDelegate.swift in Sources */ = {isa = PBXBuildFile; fileRef = 852C382B241BFC0500EDD0DD /* LoginViewController+UITextFieldDelegate.swift */; };
		852C382F241BFE1F00EDD0DD /* FavoriteViewController+UITableViewDelegate.swift in Sources */ = {isa = PBXBuildFile; fileRef = 852C382E241BFE1F00EDD0DD /* FavoriteViewController+UITableViewDelegate.swift */; };
		854D6D3523A28E76001BD091 /* CDColor+CDYelpFusionKit.swift in Sources */ = {isa = PBXBuildFile; fileRef = 854D6D1423A28E76001BD091 /* CDColor+CDYelpFusionKit.swift */; };
		854D6D3623A28E76001BD091 /* CDYelpHour.swift in Sources */ = {isa = PBXBuildFile; fileRef = 854D6D1523A28E76001BD091 /* CDYelpHour.swift */; };
		854D6D3723A28E76001BD091 /* CDYelpEvent.swift in Sources */ = {isa = PBXBuildFile; fileRef = 854D6D1623A28E76001BD091 /* CDYelpEvent.swift */; };
		854D6D3823A28E76001BD091 /* CDYelpError.swift in Sources */ = {isa = PBXBuildFile; fileRef = 854D6D1823A28E76001BD091 /* CDYelpError.swift */; };
		854D6D3923A28E76001BD091 /* URL+CDYelpFusionKit.swift in Sources */ = {isa = PBXBuildFile; fileRef = 854D6D1923A28E76001BD091 /* URL+CDYelpFusionKit.swift */; };
		854D6D3A23A28E76001BD091 /* CDYelpCenter.swift in Sources */ = {isa = PBXBuildFile; fileRef = 854D6D1A23A28E76001BD091 /* CDYelpCenter.swift */; };
		854D6D3B23A28E76001BD091 /* CDYelpReviewsResponse.swift in Sources */ = {isa = PBXBuildFile; fileRef = 854D6D1B23A28E76001BD091 /* CDYelpReviewsResponse.swift */; };
		854D6D3C23A28E76001BD091 /* String+CDYelpFusionKit.swift in Sources */ = {isa = PBXBuildFile; fileRef = 854D6D1C23A28E76001BD091 /* String+CDYelpFusionKit.swift */; };
		854D6D3D23A28E76001BD091 /* CDColor.swift in Sources */ = {isa = PBXBuildFile; fileRef = 854D6D1D23A28E76001BD091 /* CDColor.swift */; };
		854D6D3E23A28E76001BD091 /* CDYelpOpen.swift in Sources */ = {isa = PBXBuildFile; fileRef = 854D6D1E23A28E76001BD091 /* CDYelpOpen.swift */; };
		854D6D3F23A28E76001BD091 /* CDYelpBusiness.swift in Sources */ = {isa = PBXBuildFile; fileRef = 854D6D1F23A28E76001BD091 /* CDYelpBusiness.swift */; };
		854D6D4023A28E76001BD091 /* CDYelpTerm.swift in Sources */ = {isa = PBXBuildFile; fileRef = 854D6D2023A28E76001BD091 /* CDYelpTerm.swift */; };
		854D6D4123A28E76001BD091 /* CDYelpCategoriesResponse.swift in Sources */ = {isa = PBXBuildFile; fileRef = 854D6D2123A28E76001BD091 /* CDYelpCategoriesResponse.swift */; };
		854D6D4223A28E76001BD091 /* CDYelpCategory.swift in Sources */ = {isa = PBXBuildFile; fileRef = 854D6D2223A28E76001BD091 /* CDYelpCategory.swift */; };
		854D6D4323A28E76001BD091 /* CDYelpEventsResponse.swift in Sources */ = {isa = PBXBuildFile; fileRef = 854D6D2323A28E76001BD091 /* CDYelpEventsResponse.swift */; };
		854D6D4423A28E76001BD091 /* CDImage+CDYelpFusionKit.swift in Sources */ = {isa = PBXBuildFile; fileRef = 854D6D2423A28E76001BD091 /* CDImage+CDYelpFusionKit.swift */; };
		854D6D4523A28E76001BD091 /* Parameters+CDYelpFusionKit.swift in Sources */ = {isa = PBXBuildFile; fileRef = 854D6D2523A28E76001BD091 /* Parameters+CDYelpFusionKit.swift */; };
		854D6D4623A28E76001BD091 /* CDYelpAutoCompleteResponse.swift in Sources */ = {isa = PBXBuildFile; fileRef = 854D6D2623A28E76001BD091 /* CDYelpAutoCompleteResponse.swift */; };
		854D6D4723A28E76001BD091 /* CDYelpReview.swift in Sources */ = {isa = PBXBuildFile; fileRef = 854D6D2723A28E76001BD091 /* CDYelpReview.swift */; };
		854D6D4823A28E76001BD091 /* CDYelpEnums.swift in Sources */ = {isa = PBXBuildFile; fileRef = 854D6D2823A28E76001BD091 /* CDYelpEnums.swift */; };
		854D6D4923A28E76001BD091 /* CDYelpCategoryResponse.swift in Sources */ = {isa = PBXBuildFile; fileRef = 854D6D2923A28E76001BD091 /* CDYelpCategoryResponse.swift */; };
		854D6D4A23A28E76001BD091 /* Info-tvOS.plist in Resources */ = {isa = PBXBuildFile; fileRef = 854D6D2A23A28E76001BD091 /* Info-tvOS.plist */; };
		854D6D4B23A28E76001BD091 /* CDYelpAPIClient.swift in Sources */ = {isa = PBXBuildFile; fileRef = 854D6D2B23A28E76001BD091 /* CDYelpAPIClient.swift */; };
		854D6D4C23A28E76001BD091 /* CDYelpCoordinates.swift in Sources */ = {isa = PBXBuildFile; fileRef = 854D6D2C23A28E76001BD091 /* CDYelpCoordinates.swift */; };
		854D6D4D23A28E76001BD091 /* CDImage.swift in Sources */ = {isa = PBXBuildFile; fileRef = 854D6D2D23A28E76001BD091 /* CDImage.swift */; };
		854D6D4E23A28E76001BD091 /* CDYelpBusinessResponse.swift in Sources */ = {isa = PBXBuildFile; fileRef = 854D6D2E23A28E76001BD091 /* CDYelpBusinessResponse.swift */; };
		854D6D4F23A28E76001BD091 /* CDYelpSearchResponse.swift in Sources */ = {isa = PBXBuildFile; fileRef = 854D6D2F23A28E76001BD091 /* CDYelpSearchResponse.swift */; };
		854D6D5023A28E76001BD091 /* CDYelpRegion.swift in Sources */ = {isa = PBXBuildFile; fileRef = 854D6D3023A28E76001BD091 /* CDYelpRegion.swift */; };
		854D6D5123A28E76001BD091 /* CDYelpConstants.swift in Sources */ = {isa = PBXBuildFile; fileRef = 854D6D3123A28E76001BD091 /* CDYelpConstants.swift */; };
		854D6D5223A28E76001BD091 /* CDYelpRouter.swift in Sources */ = {isa = PBXBuildFile; fileRef = 854D6D3223A28E76001BD091 /* CDYelpRouter.swift */; };
		854D6D5323A28E76001BD091 /* CDYelpLocation.swift in Sources */ = {isa = PBXBuildFile; fileRef = 854D6D3323A28E76001BD091 /* CDYelpLocation.swift */; };
		854D6D5423A28E76001BD091 /* CDYelpUser.swift in Sources */ = {isa = PBXBuildFile; fileRef = 854D6D3423A28E76001BD091 /* CDYelpUser.swift */; };
		854D6D5623A28F5A001BD091 /* CDYelpFusionKitManager.swift in Sources */ = {isa = PBXBuildFile; fileRef = 854D6D5523A28F59001BD091 /* CDYelpFusionKitManager.swift */; };
		854D6D5B23A43224001BD091 /* FilterModel.swift in Sources */ = {isa = PBXBuildFile; fileRef = 854D6D5A23A43224001BD091 /* FilterModel.swift */; };
		854D6D5D23A51B13001BD091 /* Enums.swift in Sources */ = {isa = PBXBuildFile; fileRef = 854D6D5C23A51B13001BD091 /* Enums.swift */; };
		854D6D5F23A5DF3D001BD091 /* GenericAlert.swift in Sources */ = {isa = PBXBuildFile; fileRef = 854D6D5E23A5DF3C001BD091 /* GenericAlert.swift */; };
		854D6D6123A66ED9001BD091 /* SSCheckMark.swift in Sources */ = {isa = PBXBuildFile; fileRef = 854D6D6023A66ED9001BD091 /* SSCheckMark.swift */; };
		8564EB3D239BF95D009AE8B5 /* UPCarouselFlowLayout.swift in Sources */ = {isa = PBXBuildFile; fileRef = 8564EB3C239BF95D009AE8B5 /* UPCarouselFlowLayout.swift */; };
		8564EB40239C0CC6009AE8B5 /* RelativeLayoutUtilityClass.swift in Sources */ = {isa = PBXBuildFile; fileRef = 8564EB3F239C0CC6009AE8B5 /* RelativeLayoutUtilityClass.swift */; };
		858A983F2384319A0051AF45 /* AppDelegate.swift in Sources */ = {isa = PBXBuildFile; fileRef = 858A983E2384319A0051AF45 /* AppDelegate.swift */; };
		858A98412384319A0051AF45 /* SceneDelegate.swift in Sources */ = {isa = PBXBuildFile; fileRef = 858A98402384319A0051AF45 /* SceneDelegate.swift */; };
		858A98432384319A0051AF45 /* LoginViewController.swift in Sources */ = {isa = PBXBuildFile; fileRef = 858A98422384319A0051AF45 /* LoginViewController.swift */; };
		858A98482384319C0051AF45 /* Assets.xcassets in Resources */ = {isa = PBXBuildFile; fileRef = 858A98472384319C0051AF45 /* Assets.xcassets */; };
		858A984B2384319C0051AF45 /* LaunchScreen.storyboard in Resources */ = {isa = PBXBuildFile; fileRef = 858A98492384319C0051AF45 /* LaunchScreen.storyboard */; };
		858A98562384319D0051AF45 /* Quick_Grub2Tests.swift in Sources */ = {isa = PBXBuildFile; fileRef = 858A98552384319D0051AF45 /* Quick_Grub2Tests.swift */; };
		858A9862238433A10051AF45 /* Custom Extension.swift in Sources */ = {isa = PBXBuildFile; fileRef = 858A9861238433A10051AF45 /* Custom Extension.swift */; };
		858A986D23843B680051AF45 /* WelcomeViewController.swift in Sources */ = {isa = PBXBuildFile; fileRef = 858A986C23843B680051AF45 /* WelcomeViewController.swift */; };
		858A986F23843BA80051AF45 /* CategoryViewController.swift in Sources */ = {isa = PBXBuildFile; fileRef = 858A986E23843BA80051AF45 /* CategoryViewController.swift */; };
		858A987123844A6C0051AF45 /* CustomActivityIndicator.swift in Sources */ = {isa = PBXBuildFile; fileRef = 858A987023844A6C0051AF45 /* CustomActivityIndicator.swift */; };
		858A987423844BAE0051AF45 /* loader.gif in Resources */ = {isa = PBXBuildFile; fileRef = 858A987323844BAD0051AF45 /* loader.gif */; };
		858A9876238486420051AF45 /* CategoryCollectionViewCell.swift in Sources */ = {isa = PBXBuildFile; fileRef = 858A9875238486420051AF45 /* CategoryCollectionViewCell.swift */; };
		858A98792384EF840051AF45 /* FoldingCell.swift in Sources */ = {isa = PBXBuildFile; fileRef = 858A98782384EF840051AF45 /* FoldingCell.swift */; };
		858A987B2384FCC40051AF45 /* RestaurantResultsViewController.swift in Sources */ = {isa = PBXBuildFile; fileRef = 858A987A2384FCC40051AF45 /* RestaurantResultsViewController.swift */; };
		858A987D2386D8820051AF45 /* FoodImagesViewController.swift in Sources */ = {isa = PBXBuildFile; fileRef = 858A987C2386D8820051AF45 /* FoodImagesViewController.swift */; };
		858A987F2386D9660051AF45 /* FoodImagesSellectionCollectionViewCell.swift in Sources */ = {isa = PBXBuildFile; fileRef = 858A987E2386D9660051AF45 /* FoodImagesSellectionCollectionViewCell.swift */; };
		858A988823885D0C0051AF45 /* scrollDownGif.gif in Resources */ = {isa = PBXBuildFile; fileRef = 858A988723885D0C0051AF45 /* scrollDownGif.gif */; };
		859A29A923A7CF95005F8173 /* ImageHelper.swift in Sources */ = {isa = PBXBuildFile; fileRef = 859A29A823A7CF95005F8173 /* ImageHelper.swift */; };
		859A29AC23A7D0A5005F8173 /* AppError.swift in Sources */ = {isa = PBXBuildFile; fileRef = 859A29AB23A7D0A5005F8173 /* AppError.swift */; };
		859A29F223B7ADDA005F8173 /* RestaurantDetailViewController.swift in Sources */ = {isa = PBXBuildFile; fileRef = 859A29F123B7ADDA005F8173 /* RestaurantDetailViewController.swift */; };
		859A29F423BA5A70005F8173 /* Protocol.swift in Sources */ = {isa = PBXBuildFile; fileRef = 859A29F323BA5A70005F8173 /* Protocol.swift */; };
		859A29F623BB0C69005F8173 /* CustomerReviewsViewController.swift in Sources */ = {isa = PBXBuildFile; fileRef = 859A29F523BB0C69005F8173 /* CustomerReviewsViewController.swift */; };
		859A29F823BB0D22005F8173 /* CellIdentifiers.swift in Sources */ = {isa = PBXBuildFile; fileRef = 859A29F723BB0D22005F8173 /* CellIdentifiers.swift */; };
		859A29FA23BB1501005F8173 /* CustomerReviewTableViewCell.swift in Sources */ = {isa = PBXBuildFile; fileRef = 859A29F923BB1501005F8173 /* CustomerReviewTableViewCell.swift */; };
		859A2A0423BD7C49005F8173 /* checkMark2.gif in Resources */ = {isa = PBXBuildFile; fileRef = 859A2A0323BD7C49005F8173 /* checkMark2.gif */; };
		85F92A48239015C400048FCB /* Secrets.swift in Sources */ = {isa = PBXBuildFile; fileRef = 85F92A47239015C400048FCB /* Secrets.swift */; };
		85F92A53239029AF00048FCB /* GoogleService-Info.plist in Resources */ = {isa = PBXBuildFile; fileRef = 85F92A52239029AF00048FCB /* GoogleService-Info.plist */; };
		85F92A5823902D9B00048FCB /* FirebaseAuthService.swift in Sources */ = {isa = PBXBuildFile; fileRef = 85F92A5523902D9B00048FCB /* FirebaseAuthService.swift */; };
		85F92A5923902D9B00048FCB /* FirebaseStorageService.swift in Sources */ = {isa = PBXBuildFile; fileRef = 85F92A5623902D9B00048FCB /* FirebaseStorageService.swift */; };
		85F92A5A23902D9B00048FCB /* FirebaseService.swift in Sources */ = {isa = PBXBuildFile; fileRef = 85F92A5723902D9B00048FCB /* FirebaseService.swift */; };
		85F92A5E23902DD900048FCB /* UserProfile.swift in Sources */ = {isa = PBXBuildFile; fileRef = 85F92A5C23902DD900048FCB /* UserProfile.swift */; };
		85F92A6123903F4100048FCB /* String+Extensions.swift in Sources */ = {isa = PBXBuildFile; fileRef = 85F92A6023903F4100048FCB /* String+Extensions.swift */; };
		C25704EA69820AD99E7D9B27 /* Pods_Quick_Grub2.framework in Frameworks */ = {isa = PBXBuildFile; fileRef = 80C44B0429CE73C6C3B3F016 /* Pods_Quick_Grub2.framework */; };
/* End PBXBuildFile section */

/* Begin PBXContainerItemProxy section */
		858A98522384319D0051AF45 /* PBXContainerItemProxy */ = {
			isa = PBXContainerItemProxy;
			containerPortal = 858A98332384319A0051AF45 /* Project object */;
			proxyType = 1;
			remoteGlobalIDString = 858A983A2384319A0051AF45;
			remoteInfo = "Quick-Grub2";
		};
/* End PBXContainerItemProxy section */

/* Begin PBXFileReference section */
		21DF4C55D8A886C8B7DE2A8A /* Pods-Quick-Grub2Tests.debug.xcconfig */ = {isa = PBXFileReference; includeInIndex = 1; lastKnownFileType = text.xcconfig; name = "Pods-Quick-Grub2Tests.debug.xcconfig"; path = "Target Support Files/Pods-Quick-Grub2Tests/Pods-Quick-Grub2Tests.debug.xcconfig"; sourceTree = "<group>"; };
		22B9CCC8647BBB0EB63C2310 /* Pods-Quick-Grub2Tests.release.xcconfig */ = {isa = PBXFileReference; includeInIndex = 1; lastKnownFileType = text.xcconfig; name = "Pods-Quick-Grub2Tests.release.xcconfig"; path = "Target Support Files/Pods-Quick-Grub2Tests/Pods-Quick-Grub2Tests.release.xcconfig"; sourceTree = "<group>"; };
		5CAE2684FF0D32BEB155D833 /* Pods-Quick-Grub2.release.xcconfig */ = {isa = PBXFileReference; includeInIndex = 1; lastKnownFileType = text.xcconfig; name = "Pods-Quick-Grub2.release.xcconfig"; path = "Target Support Files/Pods-Quick-Grub2/Pods-Quick-Grub2.release.xcconfig"; sourceTree = "<group>"; };
		80C44B0429CE73C6C3B3F016 /* Pods_Quick_Grub2.framework */ = {isa = PBXFileReference; explicitFileType = wrapper.framework; includeInIndex = 0; path = Pods_Quick_Grub2.framework; sourceTree = BUILT_PRODUCTS_DIR; };
		85021EDD23FD7C3200F8AD7B /* QuickGrubOnBoarding.swift */ = {isa = PBXFileReference; lastKnownFileType = sourcecode.swift; path = QuickGrubOnBoarding.swift; sourceTree = "<group>"; };
		85021EDF23FD8A2700F8AD7B /* OnBoardingViewController.swift */ = {isa = PBXFileReference; lastKnownFileType = sourcecode.swift; path = OnBoardingViewController.swift; sourceTree = "<group>"; };
		85021EE123FDAFA300F8AD7B /* QuickGrubOnboardOverlay.swift */ = {isa = PBXFileReference; lastKnownFileType = sourcecode.swift; path = QuickGrubOnboardOverlay.swift; sourceTree = "<group>"; };
		85021EE323FDD27A00F8AD7B /* QuickGrubOnBoardingPage.swift */ = {isa = PBXFileReference; lastKnownFileType = sourcecode.swift; path = QuickGrubOnBoardingPage.swift; sourceTree = "<group>"; };
		8504513C23C05C57006DB14A /* BlurView Extension.swift */ = {isa = PBXFileReference; lastKnownFileType = sourcecode.swift; path = "BlurView Extension.swift"; sourceTree = "<group>"; };
		8504514023C2C6F5006DB14A /* UpdateUserProfileViewController.swift */ = {isa = PBXFileReference; lastKnownFileType = sourcecode.swift; path = UpdateUserProfileViewController.swift; sourceTree = "<group>"; };
		8504514423C77E66006DB14A /* checkMarkAnimate.gif */ = {isa = PBXFileReference; lastKnownFileType = image.gif; path = checkMarkAnimate.gif; sourceTree = "<group>"; };
		8504D50C23CA4D5C002257A4 /* ForgetPasswordViewController.swift */ = {isa = PBXFileReference; lastKnownFileType = sourcecode.swift; path = ForgetPasswordViewController.swift; sourceTree = "<group>"; };
		8504D50E23CD367E002257A4 /* UserFavorite.swift */ = {isa = PBXFileReference; lastKnownFileType = sourcecode.swift; path = UserFavorite.swift; sourceTree = "<group>"; };
		8504D51023CE5377002257A4 /* FavoriteViewController.swift */ = {isa = PBXFileReference; lastKnownFileType = sourcecode.swift; path = FavoriteViewController.swift; sourceTree = "<group>"; };
		852C3827241BEC4800EDD0DD /* LoginViewController+Constraints.swift */ = {isa = PBXFileReference; lastKnownFileType = sourcecode.swift; path = "LoginViewController+Constraints.swift"; sourceTree = "<group>"; };
		852C3829241BFB1D00EDD0DD /* LoginViewController+UIImagePickerControllerDelegate.swift */ = {isa = PBXFileReference; lastKnownFileType = sourcecode.swift; path = "LoginViewController+UIImagePickerControllerDelegate.swift"; sourceTree = "<group>"; };
		852C382B241BFC0500EDD0DD /* LoginViewController+UITextFieldDelegate.swift */ = {isa = PBXFileReference; lastKnownFileType = sourcecode.swift; path = "LoginViewController+UITextFieldDelegate.swift"; sourceTree = "<group>"; };
		852C382E241BFE1F00EDD0DD /* FavoriteViewController+UITableViewDelegate.swift */ = {isa = PBXFileReference; lastKnownFileType = sourcecode.swift; path = "FavoriteViewController+UITableViewDelegate.swift"; sourceTree = "<group>"; };
		854D6D1423A28E76001BD091 /* CDColor+CDYelpFusionKit.swift */ = {isa = PBXFileReference; fileEncoding = 4; lastKnownFileType = sourcecode.swift; path = "CDColor+CDYelpFusionKit.swift"; sourceTree = "<group>"; };
		854D6D1523A28E76001BD091 /* CDYelpHour.swift */ = {isa = PBXFileReference; fileEncoding = 4; lastKnownFileType = sourcecode.swift; path = CDYelpHour.swift; sourceTree = "<group>"; };
		854D6D1623A28E76001BD091 /* CDYelpEvent.swift */ = {isa = PBXFileReference; fileEncoding = 4; lastKnownFileType = sourcecode.swift; path = CDYelpEvent.swift; sourceTree = "<group>"; };
		854D6D1723A28E76001BD091 /* CDYelpFusionKit.h */ = {isa = PBXFileReference; fileEncoding = 4; lastKnownFileType = sourcecode.c.h; path = CDYelpFusionKit.h; sourceTree = "<group>"; };
		854D6D1823A28E76001BD091 /* CDYelpError.swift */ = {isa = PBXFileReference; fileEncoding = 4; lastKnownFileType = sourcecode.swift; path = CDYelpError.swift; sourceTree = "<group>"; };
		854D6D1923A28E76001BD091 /* URL+CDYelpFusionKit.swift */ = {isa = PBXFileReference; fileEncoding = 4; lastKnownFileType = sourcecode.swift; path = "URL+CDYelpFusionKit.swift"; sourceTree = "<group>"; };
		854D6D1A23A28E76001BD091 /* CDYelpCenter.swift */ = {isa = PBXFileReference; fileEncoding = 4; lastKnownFileType = sourcecode.swift; path = CDYelpCenter.swift; sourceTree = "<group>"; };
		854D6D1B23A28E76001BD091 /* CDYelpReviewsResponse.swift */ = {isa = PBXFileReference; fileEncoding = 4; lastKnownFileType = sourcecode.swift; path = CDYelpReviewsResponse.swift; sourceTree = "<group>"; };
		854D6D1C23A28E76001BD091 /* String+CDYelpFusionKit.swift */ = {isa = PBXFileReference; fileEncoding = 4; lastKnownFileType = sourcecode.swift; path = "String+CDYelpFusionKit.swift"; sourceTree = "<group>"; };
		854D6D1D23A28E76001BD091 /* CDColor.swift */ = {isa = PBXFileReference; fileEncoding = 4; lastKnownFileType = sourcecode.swift; path = CDColor.swift; sourceTree = "<group>"; };
		854D6D1E23A28E76001BD091 /* CDYelpOpen.swift */ = {isa = PBXFileReference; fileEncoding = 4; lastKnownFileType = sourcecode.swift; path = CDYelpOpen.swift; sourceTree = "<group>"; };
		854D6D1F23A28E76001BD091 /* CDYelpBusiness.swift */ = {isa = PBXFileReference; fileEncoding = 4; lastKnownFileType = sourcecode.swift; path = CDYelpBusiness.swift; sourceTree = "<group>"; };
		854D6D2023A28E76001BD091 /* CDYelpTerm.swift */ = {isa = PBXFileReference; fileEncoding = 4; lastKnownFileType = sourcecode.swift; path = CDYelpTerm.swift; sourceTree = "<group>"; };
		854D6D2123A28E76001BD091 /* CDYelpCategoriesResponse.swift */ = {isa = PBXFileReference; fileEncoding = 4; lastKnownFileType = sourcecode.swift; path = CDYelpCategoriesResponse.swift; sourceTree = "<group>"; };
		854D6D2223A28E76001BD091 /* CDYelpCategory.swift */ = {isa = PBXFileReference; fileEncoding = 4; lastKnownFileType = sourcecode.swift; path = CDYelpCategory.swift; sourceTree = "<group>"; };
		854D6D2323A28E76001BD091 /* CDYelpEventsResponse.swift */ = {isa = PBXFileReference; fileEncoding = 4; lastKnownFileType = sourcecode.swift; path = CDYelpEventsResponse.swift; sourceTree = "<group>"; };
		854D6D2423A28E76001BD091 /* CDImage+CDYelpFusionKit.swift */ = {isa = PBXFileReference; fileEncoding = 4; lastKnownFileType = sourcecode.swift; path = "CDImage+CDYelpFusionKit.swift"; sourceTree = "<group>"; };
		854D6D2523A28E76001BD091 /* Parameters+CDYelpFusionKit.swift */ = {isa = PBXFileReference; fileEncoding = 4; lastKnownFileType = sourcecode.swift; path = "Parameters+CDYelpFusionKit.swift"; sourceTree = "<group>"; };
		854D6D2623A28E76001BD091 /* CDYelpAutoCompleteResponse.swift */ = {isa = PBXFileReference; fileEncoding = 4; lastKnownFileType = sourcecode.swift; path = CDYelpAutoCompleteResponse.swift; sourceTree = "<group>"; };
		854D6D2723A28E76001BD091 /* CDYelpReview.swift */ = {isa = PBXFileReference; fileEncoding = 4; lastKnownFileType = sourcecode.swift; path = CDYelpReview.swift; sourceTree = "<group>"; };
		854D6D2823A28E76001BD091 /* CDYelpEnums.swift */ = {isa = PBXFileReference; fileEncoding = 4; lastKnownFileType = sourcecode.swift; path = CDYelpEnums.swift; sourceTree = "<group>"; };
		854D6D2923A28E76001BD091 /* CDYelpCategoryResponse.swift */ = {isa = PBXFileReference; fileEncoding = 4; lastKnownFileType = sourcecode.swift; path = CDYelpCategoryResponse.swift; sourceTree = "<group>"; };
		854D6D2A23A28E76001BD091 /* Info-tvOS.plist */ = {isa = PBXFileReference; fileEncoding = 4; lastKnownFileType = text.plist.xml; path = "Info-tvOS.plist"; sourceTree = "<group>"; };
		854D6D2B23A28E76001BD091 /* CDYelpAPIClient.swift */ = {isa = PBXFileReference; fileEncoding = 4; lastKnownFileType = sourcecode.swift; path = CDYelpAPIClient.swift; sourceTree = "<group>"; };
		854D6D2C23A28E76001BD091 /* CDYelpCoordinates.swift */ = {isa = PBXFileReference; fileEncoding = 4; lastKnownFileType = sourcecode.swift; path = CDYelpCoordinates.swift; sourceTree = "<group>"; };
		854D6D2D23A28E76001BD091 /* CDImage.swift */ = {isa = PBXFileReference; fileEncoding = 4; lastKnownFileType = sourcecode.swift; path = CDImage.swift; sourceTree = "<group>"; };
		854D6D2E23A28E76001BD091 /* CDYelpBusinessResponse.swift */ = {isa = PBXFileReference; fileEncoding = 4; lastKnownFileType = sourcecode.swift; path = CDYelpBusinessResponse.swift; sourceTree = "<group>"; };
		854D6D2F23A28E76001BD091 /* CDYelpSearchResponse.swift */ = {isa = PBXFileReference; fileEncoding = 4; lastKnownFileType = sourcecode.swift; path = CDYelpSearchResponse.swift; sourceTree = "<group>"; };
		854D6D3023A28E76001BD091 /* CDYelpRegion.swift */ = {isa = PBXFileReference; fileEncoding = 4; lastKnownFileType = sourcecode.swift; path = CDYelpRegion.swift; sourceTree = "<group>"; };
		854D6D3123A28E76001BD091 /* CDYelpConstants.swift */ = {isa = PBXFileReference; fileEncoding = 4; lastKnownFileType = sourcecode.swift; path = CDYelpConstants.swift; sourceTree = "<group>"; };
		854D6D3223A28E76001BD091 /* CDYelpRouter.swift */ = {isa = PBXFileReference; fileEncoding = 4; lastKnownFileType = sourcecode.swift; path = CDYelpRouter.swift; sourceTree = "<group>"; };
		854D6D3323A28E76001BD091 /* CDYelpLocation.swift */ = {isa = PBXFileReference; fileEncoding = 4; lastKnownFileType = sourcecode.swift; path = CDYelpLocation.swift; sourceTree = "<group>"; };
		854D6D3423A28E76001BD091 /* CDYelpUser.swift */ = {isa = PBXFileReference; fileEncoding = 4; lastKnownFileType = sourcecode.swift; path = CDYelpUser.swift; sourceTree = "<group>"; };
		854D6D5523A28F59001BD091 /* CDYelpFusionKitManager.swift */ = {isa = PBXFileReference; fileEncoding = 4; lastKnownFileType = sourcecode.swift; path = CDYelpFusionKitManager.swift; sourceTree = "<group>"; };
		854D6D5A23A43224001BD091 /* FilterModel.swift */ = {isa = PBXFileReference; lastKnownFileType = sourcecode.swift; path = FilterModel.swift; sourceTree = "<group>"; };
		854D6D5C23A51B13001BD091 /* Enums.swift */ = {isa = PBXFileReference; lastKnownFileType = sourcecode.swift; path = Enums.swift; sourceTree = "<group>"; };
		854D6D5E23A5DF3C001BD091 /* GenericAlert.swift */ = {isa = PBXFileReference; lastKnownFileType = sourcecode.swift; path = GenericAlert.swift; sourceTree = "<group>"; };
		854D6D6023A66ED9001BD091 /* SSCheckMark.swift */ = {isa = PBXFileReference; lastKnownFileType = sourcecode.swift; path = SSCheckMark.swift; sourceTree = "<group>"; };
		8564EB3C239BF95D009AE8B5 /* UPCarouselFlowLayout.swift */ = {isa = PBXFileReference; fileEncoding = 4; lastKnownFileType = sourcecode.swift; path = UPCarouselFlowLayout.swift; sourceTree = "<group>"; };
		8564EB3F239C0CC6009AE8B5 /* RelativeLayoutUtilityClass.swift */ = {isa = PBXFileReference; lastKnownFileType = sourcecode.swift; path = RelativeLayoutUtilityClass.swift; sourceTree = "<group>"; };
		858A983B2384319A0051AF45 /* Quick-Grub2.app */ = {isa = PBXFileReference; explicitFileType = wrapper.application; includeInIndex = 0; path = "Quick-Grub2.app"; sourceTree = BUILT_PRODUCTS_DIR; };
		858A983E2384319A0051AF45 /* AppDelegate.swift */ = {isa = PBXFileReference; lastKnownFileType = sourcecode.swift; path = AppDelegate.swift; sourceTree = "<group>"; };
		858A98402384319A0051AF45 /* SceneDelegate.swift */ = {isa = PBXFileReference; lastKnownFileType = sourcecode.swift; path = SceneDelegate.swift; sourceTree = "<group>"; };
		858A98422384319A0051AF45 /* LoginViewController.swift */ = {isa = PBXFileReference; lastKnownFileType = sourcecode.swift; path = LoginViewController.swift; sourceTree = "<group>"; };
		858A98472384319C0051AF45 /* Assets.xcassets */ = {isa = PBXFileReference; lastKnownFileType = folder.assetcatalog; path = Assets.xcassets; sourceTree = "<group>"; };
		858A984A2384319C0051AF45 /* Base */ = {isa = PBXFileReference; lastKnownFileType = file.storyboard; name = Base; path = Base.lproj/LaunchScreen.storyboard; sourceTree = "<group>"; };
		858A984C2384319C0051AF45 /* Info.plist */ = {isa = PBXFileReference; lastKnownFileType = text.plist.xml; path = Info.plist; sourceTree = "<group>"; };
		858A98512384319D0051AF45 /* Quick-Grub2Tests.xctest */ = {isa = PBXFileReference; explicitFileType = wrapper.cfbundle; includeInIndex = 0; path = "Quick-Grub2Tests.xctest"; sourceTree = BUILT_PRODUCTS_DIR; };
		858A98552384319D0051AF45 /* Quick_Grub2Tests.swift */ = {isa = PBXFileReference; lastKnownFileType = sourcecode.swift; path = Quick_Grub2Tests.swift; sourceTree = "<group>"; };
		858A98572384319D0051AF45 /* Info.plist */ = {isa = PBXFileReference; lastKnownFileType = text.plist.xml; path = Info.plist; sourceTree = "<group>"; };
		858A9861238433A10051AF45 /* Custom Extension.swift */ = {isa = PBXFileReference; lastKnownFileType = sourcecode.swift; path = "Custom Extension.swift"; sourceTree = "<group>"; };
		858A986C23843B680051AF45 /* WelcomeViewController.swift */ = {isa = PBXFileReference; lastKnownFileType = sourcecode.swift; path = WelcomeViewController.swift; sourceTree = "<group>"; };
		858A986E23843BA80051AF45 /* CategoryViewController.swift */ = {isa = PBXFileReference; lastKnownFileType = sourcecode.swift; path = CategoryViewController.swift; sourceTree = "<group>"; };
		858A987023844A6C0051AF45 /* CustomActivityIndicator.swift */ = {isa = PBXFileReference; lastKnownFileType = sourcecode.swift; path = CustomActivityIndicator.swift; sourceTree = "<group>"; };
		858A987323844BAD0051AF45 /* loader.gif */ = {isa = PBXFileReference; lastKnownFileType = image.gif; path = loader.gif; sourceTree = "<group>"; };
		858A9875238486420051AF45 /* CategoryCollectionViewCell.swift */ = {isa = PBXFileReference; lastKnownFileType = sourcecode.swift; path = CategoryCollectionViewCell.swift; sourceTree = "<group>"; };
		858A98782384EF840051AF45 /* FoldingCell.swift */ = {isa = PBXFileReference; lastKnownFileType = sourcecode.swift; path = FoldingCell.swift; sourceTree = "<group>"; };
		858A987A2384FCC40051AF45 /* RestaurantResultsViewController.swift */ = {isa = PBXFileReference; lastKnownFileType = sourcecode.swift; path = RestaurantResultsViewController.swift; sourceTree = "<group>"; };
		858A987C2386D8820051AF45 /* FoodImagesViewController.swift */ = {isa = PBXFileReference; lastKnownFileType = sourcecode.swift; path = FoodImagesViewController.swift; sourceTree = "<group>"; };
		858A987E2386D9660051AF45 /* FoodImagesSellectionCollectionViewCell.swift */ = {isa = PBXFileReference; lastKnownFileType = sourcecode.swift; path = FoodImagesSellectionCollectionViewCell.swift; sourceTree = "<group>"; };
		858A988723885D0C0051AF45 /* scrollDownGif.gif */ = {isa = PBXFileReference; lastKnownFileType = image.gif; path = scrollDownGif.gif; sourceTree = "<group>"; };
		859A29A823A7CF95005F8173 /* ImageHelper.swift */ = {isa = PBXFileReference; fileEncoding = 4; lastKnownFileType = sourcecode.swift; path = ImageHelper.swift; sourceTree = "<group>"; };
		859A29AB23A7D0A5005F8173 /* AppError.swift */ = {isa = PBXFileReference; fileEncoding = 4; lastKnownFileType = sourcecode.swift; path = AppError.swift; sourceTree = "<group>"; };
		859A29F123B7ADDA005F8173 /* RestaurantDetailViewController.swift */ = {isa = PBXFileReference; lastKnownFileType = sourcecode.swift; path = RestaurantDetailViewController.swift; sourceTree = "<group>"; };
		859A29F323BA5A70005F8173 /* Protocol.swift */ = {isa = PBXFileReference; lastKnownFileType = sourcecode.swift; path = Protocol.swift; sourceTree = "<group>"; };
		859A29F523BB0C69005F8173 /* CustomerReviewsViewController.swift */ = {isa = PBXFileReference; lastKnownFileType = sourcecode.swift; path = CustomerReviewsViewController.swift; sourceTree = "<group>"; };
		859A29F723BB0D22005F8173 /* CellIdentifiers.swift */ = {isa = PBXFileReference; lastKnownFileType = sourcecode.swift; path = CellIdentifiers.swift; sourceTree = "<group>"; };
		859A29F923BB1501005F8173 /* CustomerReviewTableViewCell.swift */ = {isa = PBXFileReference; lastKnownFileType = sourcecode.swift; path = CustomerReviewTableViewCell.swift; sourceTree = "<group>"; };
		859A2A0323BD7C49005F8173 /* checkMark2.gif */ = {isa = PBXFileReference; explicitFileType = image.gif; path = checkMark2.gif; sourceTree = "<group>"; };
		85F92A47239015C400048FCB /* Secrets.swift */ = {isa = PBXFileReference; lastKnownFileType = sourcecode.swift; path = Secrets.swift; sourceTree = "<group>"; };
		85F92A52239029AF00048FCB /* GoogleService-Info.plist */ = {isa = PBXFileReference; lastKnownFileType = text.plist; path = "GoogleService-Info.plist"; sourceTree = SOURCE_ROOT; };
		85F92A5523902D9B00048FCB /* FirebaseAuthService.swift */ = {isa = PBXFileReference; fileEncoding = 4; lastKnownFileType = sourcecode.swift; path = FirebaseAuthService.swift; sourceTree = "<group>"; };
		85F92A5623902D9B00048FCB /* FirebaseStorageService.swift */ = {isa = PBXFileReference; fileEncoding = 4; lastKnownFileType = sourcecode.swift; path = FirebaseStorageService.swift; sourceTree = "<group>"; };
		85F92A5723902D9B00048FCB /* FirebaseService.swift */ = {isa = PBXFileReference; fileEncoding = 4; lastKnownFileType = sourcecode.swift; path = FirebaseService.swift; sourceTree = "<group>"; };
		85F92A5C23902DD900048FCB /* UserProfile.swift */ = {isa = PBXFileReference; fileEncoding = 4; lastKnownFileType = sourcecode.swift; path = UserProfile.swift; sourceTree = "<group>"; };
		85F92A6023903F4100048FCB /* String+Extensions.swift */ = {isa = PBXFileReference; fileEncoding = 4; lastKnownFileType = sourcecode.swift; path = "String+Extensions.swift"; sourceTree = "<group>"; };
		9AC4D4042D8C16CBCCD9CE47 /* Pods_Quick_Grub2Tests.framework */ = {isa = PBXFileReference; explicitFileType = wrapper.framework; includeInIndex = 0; path = Pods_Quick_Grub2Tests.framework; sourceTree = BUILT_PRODUCTS_DIR; };
		C8E4CB845CA1560577CCB37F /* Pods-Quick-Grub2.debug.xcconfig */ = {isa = PBXFileReference; includeInIndex = 1; lastKnownFileType = text.xcconfig; name = "Pods-Quick-Grub2.debug.xcconfig"; path = "Target Support Files/Pods-Quick-Grub2/Pods-Quick-Grub2.debug.xcconfig"; sourceTree = "<group>"; };
/* End PBXFileReference section */

/* Begin PBXFrameworksBuildPhase section */
		858A98382384319A0051AF45 /* Frameworks */ = {
			isa = PBXFrameworksBuildPhase;
			buildActionMask = 2147483647;
			files = (
				C25704EA69820AD99E7D9B27 /* Pods_Quick_Grub2.framework in Frameworks */,
			);
			runOnlyForDeploymentPostprocessing = 0;
		};
		858A984E2384319D0051AF45 /* Frameworks */ = {
			isa = PBXFrameworksBuildPhase;
			buildActionMask = 2147483647;
			files = (
				28A34A5DE4D320AB320B8AD1 /* Pods_Quick_Grub2Tests.framework in Frameworks */,
			);
			runOnlyForDeploymentPostprocessing = 0;
		};
/* End PBXFrameworksBuildPhase section */

/* Begin PBXGroup section */
		120A4BC483A39DE278D1BB98 /* Pods */ = {
			isa = PBXGroup;
			children = (
				C8E4CB845CA1560577CCB37F /* Pods-Quick-Grub2.debug.xcconfig */,
				5CAE2684FF0D32BEB155D833 /* Pods-Quick-Grub2.release.xcconfig */,
				21DF4C55D8A886C8B7DE2A8A /* Pods-Quick-Grub2Tests.debug.xcconfig */,
				22B9CCC8647BBB0EB63C2310 /* Pods-Quick-Grub2Tests.release.xcconfig */,
			);
			path = Pods;
			sourceTree = "<group>";
		};
		852C382D241BFD8A00EDD0DD /* LoginVC */ = {
			isa = PBXGroup;
			children = (
				858A98422384319A0051AF45 /* LoginViewController.swift */,
				852C3827241BEC4800EDD0DD /* LoginViewController+Constraints.swift */,
				852C3829241BFB1D00EDD0DD /* LoginViewController+UIImagePickerControllerDelegate.swift */,
				852C382B241BFC0500EDD0DD /* LoginViewController+UITextFieldDelegate.swift */,
			);
			path = LoginVC;
			sourceTree = "<group>";
		};
		854D6D1323A28E76001BD091 /* Yelp DataSource */ = {
			isa = PBXGroup;
			children = (
				854D6D5923A42B24001BD091 /* Yelp APIClient Source */,
				854D6D1523A28E76001BD091 /* CDYelpHour.swift */,
				854D6D1623A28E76001BD091 /* CDYelpEvent.swift */,
				854D6D1723A28E76001BD091 /* CDYelpFusionKit.h */,
				854D6D1823A28E76001BD091 /* CDYelpError.swift */,
				854D6D1923A28E76001BD091 /* URL+CDYelpFusionKit.swift */,
				854D6D1A23A28E76001BD091 /* CDYelpCenter.swift */,
				854D6D1B23A28E76001BD091 /* CDYelpReviewsResponse.swift */,
				854D6D1C23A28E76001BD091 /* String+CDYelpFusionKit.swift */,
				854D6D1D23A28E76001BD091 /* CDColor.swift */,
				854D6D1E23A28E76001BD091 /* CDYelpOpen.swift */,
				854D6D1F23A28E76001BD091 /* CDYelpBusiness.swift */,
				854D6D2023A28E76001BD091 /* CDYelpTerm.swift */,
				854D6D2123A28E76001BD091 /* CDYelpCategoriesResponse.swift */,
				854D6D2223A28E76001BD091 /* CDYelpCategory.swift */,
				854D6D2323A28E76001BD091 /* CDYelpEventsResponse.swift */,
				854D6D2423A28E76001BD091 /* CDImage+CDYelpFusionKit.swift */,
				854D6D2523A28E76001BD091 /* Parameters+CDYelpFusionKit.swift */,
				854D6D2623A28E76001BD091 /* CDYelpAutoCompleteResponse.swift */,
				854D6D2723A28E76001BD091 /* CDYelpReview.swift */,
				854D6D2923A28E76001BD091 /* CDYelpCategoryResponse.swift */,
				854D6D2A23A28E76001BD091 /* Info-tvOS.plist */,
				854D6D2C23A28E76001BD091 /* CDYelpCoordinates.swift */,
				854D6D2D23A28E76001BD091 /* CDImage.swift */,
				854D6D2E23A28E76001BD091 /* CDYelpBusinessResponse.swift */,
				854D6D2F23A28E76001BD091 /* CDYelpSearchResponse.swift */,
				854D6D3023A28E76001BD091 /* CDYelpRegion.swift */,
				854D6D3323A28E76001BD091 /* CDYelpLocation.swift */,
				854D6D3423A28E76001BD091 /* CDYelpUser.swift */,
			);
			path = "Yelp DataSource";
			sourceTree = "<group>";
		};
		854D6D5923A42B24001BD091 /* Yelp APIClient Source */ = {
			isa = PBXGroup;
			children = (
				854D6D1423A28E76001BD091 /* CDColor+CDYelpFusionKit.swift */,
				854D6D2823A28E76001BD091 /* CDYelpEnums.swift */,
				854D6D2B23A28E76001BD091 /* CDYelpAPIClient.swift */,
				854D6D3123A28E76001BD091 /* CDYelpConstants.swift */,
				854D6D3223A28E76001BD091 /* CDYelpRouter.swift */,
			);
			path = "Yelp APIClient Source";
			sourceTree = "<group>";
		};
		8564EB3E239BF963009AE8B5 /* animation Classes */ = {
			isa = PBXGroup;
			children = (
				8564EB3C239BF95D009AE8B5 /* UPCarouselFlowLayout.swift */,
			);
			path = "animation Classes";
			sourceTree = "<group>";
		};
		858A98322384319A0051AF45 = {
			isa = PBXGroup;
			children = (
				858A983D2384319A0051AF45 /* Quick-Grub2 */,
				854D6D5523A28F59001BD091 /* CDYelpFusionKitManager.swift */,
				859A29F323BA5A70005F8173 /* Protocol.swift */,
				859A29F723BB0D22005F8173 /* CellIdentifiers.swift */,
				854D6D5E23A5DF3C001BD091 /* GenericAlert.swift */,
				854D6D1323A28E76001BD091 /* Yelp DataSource */,
				85F92A5B23902DD800048FCB /* Models */,
				858A9869238435F90051AF45 /* Custom Extensions */,
				858A9877238486480051AF45 /* Views */,
				858A9860238433160051AF45 /* ViewControllers */,
				859A29AA23A7CFC0005F8173 /* Network Helper */,
				85F92A5423902D9B00048FCB /* Firebase */,
				858A987223844A890051AF45 /* Custom Class */,
				858A98542384319D0051AF45 /* Quick-Grub2Tests */,
				858A983C2384319A0051AF45 /* Products */,
				120A4BC483A39DE278D1BB98 /* Pods */,
				EEF5C01A2BE199288C4BD9A6 /* Frameworks */,
			);
			sourceTree = "<group>";
		};
		858A983C2384319A0051AF45 /* Products */ = {
			isa = PBXGroup;
			children = (
				858A983B2384319A0051AF45 /* Quick-Grub2.app */,
				858A98512384319D0051AF45 /* Quick-Grub2Tests.xctest */,
			);
			name = Products;
			sourceTree = "<group>";
		};
		858A983D2384319A0051AF45 /* Quick-Grub2 */ = {
			isa = PBXGroup;
			children = (
				858A983E2384319A0051AF45 /* AppDelegate.swift */,
				858A98402384319A0051AF45 /* SceneDelegate.swift */,
				85F92A47239015C400048FCB /* Secrets.swift */,
				858A98472384319C0051AF45 /* Assets.xcassets */,
				858A988923885D180051AF45 /* GIF animation folder */,
				858A98492384319C0051AF45 /* LaunchScreen.storyboard */,
				858A984C2384319C0051AF45 /* Info.plist */,
				85F92A52239029AF00048FCB /* GoogleService-Info.plist */,
			);
			path = "Quick-Grub2";
			sourceTree = "<group>";
		};
		858A98542384319D0051AF45 /* Quick-Grub2Tests */ = {
			isa = PBXGroup;
			children = (
				858A98552384319D0051AF45 /* Quick_Grub2Tests.swift */,
				858A98572384319D0051AF45 /* Info.plist */,
			);
			path = "Quick-Grub2Tests";
			sourceTree = "<group>";
		};
		858A9860238433160051AF45 /* ViewControllers */ = {
			isa = PBXGroup;
			children = (
				852C382D241BFD8A00EDD0DD /* LoginVC */,
				8504D51023CE5377002257A4 /* FavoriteViewController.swift */,
				852C382E241BFE1F00EDD0DD /* FavoriteViewController+UITableViewDelegate.swift */,
				858A987A2384FCC40051AF45 /* RestaurantResultsViewController.swift */,
				859A29F123B7ADDA005F8173 /* RestaurantDetailViewController.swift */,
				8504514023C2C6F5006DB14A /* UpdateUserProfileViewController.swift */,
				859A29F523BB0C69005F8173 /* CustomerReviewsViewController.swift */,
				8504D50C23CA4D5C002257A4 /* ForgetPasswordViewController.swift */,
				858A987C2386D8820051AF45 /* FoodImagesViewController.swift */,
				858A986C23843B680051AF45 /* WelcomeViewController.swift */,
				858A986E23843BA80051AF45 /* CategoryViewController.swift */,
				85021EDF23FD8A2700F8AD7B /* OnBoardingViewController.swift */,
			);
			path = ViewControllers;
			sourceTree = "<group>";
		};
		858A9869238435F90051AF45 /* Custom Extensions */ = {
			isa = PBXGroup;
			children = (
				858A9861238433A10051AF45 /* Custom Extension.swift */,
				8504513C23C05C57006DB14A /* BlurView Extension.swift */,
				85F92A6023903F4100048FCB /* String+Extensions.swift */,
			);
			path = "Custom Extensions";
			sourceTree = "<group>";
		};
		858A987223844A890051AF45 /* Custom Class */ = {
			isa = PBXGroup;
			children = (
				8564EB3E239BF963009AE8B5 /* animation Classes */,
				858A987023844A6C0051AF45 /* CustomActivityIndicator.swift */,
				854D6D6023A66ED9001BD091 /* SSCheckMark.swift */,
				8564EB3F239C0CC6009AE8B5 /* RelativeLayoutUtilityClass.swift */,
			);
			path = "Custom Class";
			sourceTree = "<group>";
		};
		858A9877238486480051AF45 /* Views */ = {
			isa = PBXGroup;
			children = (
				858A9875238486420051AF45 /* CategoryCollectionViewCell.swift */,
				85021EDD23FD7C3200F8AD7B /* QuickGrubOnBoarding.swift */,
				85021EE323FDD27A00F8AD7B /* QuickGrubOnBoardingPage.swift */,
				85021EE123FDAFA300F8AD7B /* QuickGrubOnboardOverlay.swift */,
				858A98782384EF840051AF45 /* FoldingCell.swift */,
				859A29F923BB1501005F8173 /* CustomerReviewTableViewCell.swift */,
				858A987E2386D9660051AF45 /* FoodImagesSellectionCollectionViewCell.swift */,
			);
			path = Views;
			sourceTree = "<group>";
		};
		858A988923885D180051AF45 /* GIF animation folder */ = {
			isa = PBXGroup;
			children = (
				859A2A0323BD7C49005F8173 /* checkMark2.gif */,
				858A988723885D0C0051AF45 /* scrollDownGif.gif */,
				8504514423C77E66006DB14A /* checkMarkAnimate.gif */,
				858A987323844BAD0051AF45 /* loader.gif */,
			);
			path = "GIF animation folder";
			sourceTree = "<group>";
		};
		859A29AA23A7CFC0005F8173 /* Network Helper */ = {
			isa = PBXGroup;
			children = (
				859A29AB23A7D0A5005F8173 /* AppError.swift */,
				859A29A823A7CF95005F8173 /* ImageHelper.swift */,
			);
			path = "Network Helper";
			sourceTree = "<group>";
		};
		85F92A5423902D9B00048FCB /* Firebase */ = {
			isa = PBXGroup;
			children = (
				85F92A5523902D9B00048FCB /* FirebaseAuthService.swift */,
				85F92A5623902D9B00048FCB /* FirebaseStorageService.swift */,
				85F92A5723902D9B00048FCB /* FirebaseService.swift */,
			);
			path = Firebase;
			sourceTree = "<group>";
		};
		85F92A5B23902DD800048FCB /* Models */ = {
			isa = PBXGroup;
			children = (
				85F92A5C23902DD900048FCB /* UserProfile.swift */,
				854D6D5A23A43224001BD091 /* FilterModel.swift */,
				8504D50E23CD367E002257A4 /* UserFavorite.swift */,
				854D6D5C23A51B13001BD091 /* Enums.swift */,
			);
			path = Models;
			sourceTree = "<group>";
		};
		EEF5C01A2BE199288C4BD9A6 /* Frameworks */ = {
			isa = PBXGroup;
			children = (
				80C44B0429CE73C6C3B3F016 /* Pods_Quick_Grub2.framework */,
				9AC4D4042D8C16CBCCD9CE47 /* Pods_Quick_Grub2Tests.framework */,
			);
			name = Frameworks;
			sourceTree = "<group>";
		};
/* End PBXGroup section */

/* Begin PBXNativeTarget section */
		858A983A2384319A0051AF45 /* Quick-Grub2 */ = {
			isa = PBXNativeTarget;
			buildConfigurationList = 858A985A2384319D0051AF45 /* Build configuration list for PBXNativeTarget "Quick-Grub2" */;
			buildPhases = (
				82861D3E3A8EFB73078FF251 /* [CP] Check Pods Manifest.lock */,
				858A98372384319A0051AF45 /* Sources */,
				858A98382384319A0051AF45 /* Frameworks */,
				858A98392384319A0051AF45 /* Resources */,
				A9BCA4191CD1530CA6A15596 /* [CP] Embed Pods Frameworks */,
			);
			buildRules = (
			);
			dependencies = (
			);
			name = "Quick-Grub2";
			productName = "Quick-Grub2";
			productReference = 858A983B2384319A0051AF45 /* Quick-Grub2.app */;
			productType = "com.apple.product-type.application";
		};
		858A98502384319D0051AF45 /* Quick-Grub2Tests */ = {
			isa = PBXNativeTarget;
			buildConfigurationList = 858A985D2384319D0051AF45 /* Build configuration list for PBXNativeTarget "Quick-Grub2Tests" */;
			buildPhases = (
				7CE0DC56CE1DA694818421F5 /* [CP] Check Pods Manifest.lock */,
				858A984D2384319D0051AF45 /* Sources */,
				858A984E2384319D0051AF45 /* Frameworks */,
				858A984F2384319D0051AF45 /* Resources */,
			);
			buildRules = (
			);
			dependencies = (
				858A98532384319D0051AF45 /* PBXTargetDependency */,
			);
			name = "Quick-Grub2Tests";
			productName = "Quick-Grub2Tests";
			productReference = 858A98512384319D0051AF45 /* Quick-Grub2Tests.xctest */;
			productType = "com.apple.product-type.bundle.unit-test";
		};
/* End PBXNativeTarget section */

/* Begin PBXProject section */
		858A98332384319A0051AF45 /* Project object */ = {
			isa = PBXProject;
			attributes = {
				LastSwiftUpdateCheck = 1120;
				LastUpgradeCheck = 1120;
				ORGANIZATIONNAME = "Mr Wonderful";
				TargetAttributes = {
					858A983A2384319A0051AF45 = {
						CreatedOnToolsVersion = 11.2.1;
					};
					858A98502384319D0051AF45 = {
						CreatedOnToolsVersion = 11.2.1;
						TestTargetID = 858A983A2384319A0051AF45;
					};
				};
			};
			buildConfigurationList = 858A98362384319A0051AF45 /* Build configuration list for PBXProject "Quick-Grub2" */;
			compatibilityVersion = "Xcode 9.3";
			developmentRegion = en;
			hasScannedForEncodings = 0;
			knownRegions = (
				en,
				Base,
			);
			mainGroup = 858A98322384319A0051AF45;
			productRefGroup = 858A983C2384319A0051AF45 /* Products */;
			projectDirPath = "";
			projectRoot = "";
			targets = (
				858A983A2384319A0051AF45 /* Quick-Grub2 */,
				858A98502384319D0051AF45 /* Quick-Grub2Tests */,
			);
		};
/* End PBXProject section */

/* Begin PBXResourcesBuildPhase section */
		858A98392384319A0051AF45 /* Resources */ = {
			isa = PBXResourcesBuildPhase;
			buildActionMask = 2147483647;
			files = (
				8504514523C77E68006DB14A /* checkMarkAnimate.gif in Resources */,
				854D6D4A23A28E76001BD091 /* Info-tvOS.plist in Resources */,
				859A2A0423BD7C49005F8173 /* checkMark2.gif in Resources */,
				858A987423844BAE0051AF45 /* loader.gif in Resources */,
				858A984B2384319C0051AF45 /* LaunchScreen.storyboard in Resources */,
				85F92A53239029AF00048FCB /* GoogleService-Info.plist in Resources */,
				858A988823885D0C0051AF45 /* scrollDownGif.gif in Resources */,
				858A98482384319C0051AF45 /* Assets.xcassets in Resources */,
			);
			runOnlyForDeploymentPostprocessing = 0;
		};
		858A984F2384319D0051AF45 /* Resources */ = {
			isa = PBXResourcesBuildPhase;
			buildActionMask = 2147483647;
			files = (
			);
			runOnlyForDeploymentPostprocessing = 0;
		};
/* End PBXResourcesBuildPhase section */

/* Begin PBXShellScriptBuildPhase section */
		7CE0DC56CE1DA694818421F5 /* [CP] Check Pods Manifest.lock */ = {
			isa = PBXShellScriptBuildPhase;
			buildActionMask = 2147483647;
			files = (
			);
			inputFileListPaths = (
			);
			inputPaths = (
				"${PODS_PODFILE_DIR_PATH}/Podfile.lock",
				"${PODS_ROOT}/Manifest.lock",
			);
			name = "[CP] Check Pods Manifest.lock";
			outputFileListPaths = (
			);
			outputPaths = (
				"$(DERIVED_FILE_DIR)/Pods-Quick-Grub2Tests-checkManifestLockResult.txt",
			);
			runOnlyForDeploymentPostprocessing = 0;
			shellPath = /bin/sh;
			shellScript = "diff \"${PODS_PODFILE_DIR_PATH}/Podfile.lock\" \"${PODS_ROOT}/Manifest.lock\" > /dev/null\nif [ $? != 0 ] ; then\n    # print error to STDERR\n    echo \"error: The sandbox is not in sync with the Podfile.lock. Run 'pod install' or update your CocoaPods installation.\" >&2\n    exit 1\nfi\n# This output is used by Xcode 'outputs' to avoid re-running this script phase.\necho \"SUCCESS\" > \"${SCRIPT_OUTPUT_FILE_0}\"\n";
			showEnvVarsInLog = 0;
		};
		82861D3E3A8EFB73078FF251 /* [CP] Check Pods Manifest.lock */ = {
			isa = PBXShellScriptBuildPhase;
			buildActionMask = 2147483647;
			files = (
			);
			inputFileListPaths = (
			);
			inputPaths = (
				"${PODS_PODFILE_DIR_PATH}/Podfile.lock",
				"${PODS_ROOT}/Manifest.lock",
			);
			name = "[CP] Check Pods Manifest.lock";
			outputFileListPaths = (
			);
			outputPaths = (
				"$(DERIVED_FILE_DIR)/Pods-Quick-Grub2-checkManifestLockResult.txt",
			);
			runOnlyForDeploymentPostprocessing = 0;
			shellPath = /bin/sh;
			shellScript = "diff \"${PODS_PODFILE_DIR_PATH}/Podfile.lock\" \"${PODS_ROOT}/Manifest.lock\" > /dev/null\nif [ $? != 0 ] ; then\n    # print error to STDERR\n    echo \"error: The sandbox is not in sync with the Podfile.lock. Run 'pod install' or update your CocoaPods installation.\" >&2\n    exit 1\nfi\n# This output is used by Xcode 'outputs' to avoid re-running this script phase.\necho \"SUCCESS\" > \"${SCRIPT_OUTPUT_FILE_0}\"\n";
			showEnvVarsInLog = 0;
		};
		A9BCA4191CD1530CA6A15596 /* [CP] Embed Pods Frameworks */ = {
			isa = PBXShellScriptBuildPhase;
			buildActionMask = 2147483647;
			files = (
			);
			inputFileListPaths = (
				"${PODS_ROOT}/Target Support Files/Pods-Quick-Grub2/Pods-Quick-Grub2-frameworks-${CONFIGURATION}-input-files.xcfilelist",
			);
			name = "[CP] Embed Pods Frameworks";
			outputFileListPaths = (
				"${PODS_ROOT}/Target Support Files/Pods-Quick-Grub2/Pods-Quick-Grub2-frameworks-${CONFIGURATION}-output-files.xcfilelist",
			);
			runOnlyForDeploymentPostprocessing = 0;
			shellPath = /bin/sh;
			shellScript = "\"${PODS_ROOT}/Target Support Files/Pods-Quick-Grub2/Pods-Quick-Grub2-frameworks.sh\"\n";
			showEnvVarsInLog = 0;
		};
/* End PBXShellScriptBuildPhase section */

/* Begin PBXSourcesBuildPhase section */
		858A98372384319A0051AF45 /* Sources */ = {
			isa = PBXSourcesBuildPhase;
			buildActionMask = 2147483647;
			files = (
				8504514123C2C6F6006DB14A /* UpdateUserProfileViewController.swift in Sources */,
				852C382F241BFE1F00EDD0DD /* FavoriteViewController+UITableViewDelegate.swift in Sources */,
				854D6D3A23A28E76001BD091 /* CDYelpCenter.swift in Sources */,
				854D6D5623A28F5A001BD091 /* CDYelpFusionKitManager.swift in Sources */,
				858A9876238486420051AF45 /* CategoryCollectionViewCell.swift in Sources */,
				854D6D5023A28E76001BD091 /* CDYelpRegion.swift in Sources */,
				859A29AC23A7D0A5005F8173 /* AppError.swift in Sources */,
				85F92A5923902D9B00048FCB /* FirebaseStorageService.swift in Sources */,
				852C382C241BFC0500EDD0DD /* LoginViewController+UITextFieldDelegate.swift in Sources */,
				859A29F623BB0C69005F8173 /* CustomerReviewsViewController.swift in Sources */,
				854D6D5323A28E76001BD091 /* CDYelpLocation.swift in Sources */,
				85021EE023FD8A2700F8AD7B /* OnBoardingViewController.swift in Sources */,
				85F92A5A23902D9B00048FCB /* FirebaseService.swift in Sources */,
				859A29FA23BB1501005F8173 /* CustomerReviewTableViewCell.swift in Sources */,
				854D6D4023A28E76001BD091 /* CDYelpTerm.swift in Sources */,
				854D6D4F23A28E76001BD091 /* CDYelpSearchResponse.swift in Sources */,
				858A986F23843BA80051AF45 /* CategoryViewController.swift in Sources */,
				852C3828241BEC4800EDD0DD /* LoginViewController+Constraints.swift in Sources */,
				859A29F823BB0D22005F8173 /* CellIdentifiers.swift in Sources */,
				854D6D3523A28E76001BD091 /* CDColor+CDYelpFusionKit.swift in Sources */,
				854D6D6123A66ED9001BD091 /* SSCheckMark.swift in Sources */,
				854D6D5123A28E76001BD091 /* CDYelpConstants.swift in Sources */,
				854D6D3623A28E76001BD091 /* CDYelpHour.swift in Sources */,
				858A987F2386D9660051AF45 /* FoodImagesSellectionCollectionViewCell.swift in Sources */,
				854D6D4923A28E76001BD091 /* CDYelpCategoryResponse.swift in Sources */,
				854D6D4223A28E76001BD091 /* CDYelpCategory.swift in Sources */,
				854D6D5423A28E76001BD091 /* CDYelpUser.swift in Sources */,
				858A986D23843B680051AF45 /* WelcomeViewController.swift in Sources */,
				858A98432384319A0051AF45 /* LoginViewController.swift in Sources */,
				858A987B2384FCC40051AF45 /* RestaurantResultsViewController.swift in Sources */,
				859A29F223B7ADDA005F8173 /* RestaurantDetailViewController.swift in Sources */,
				85F92A5823902D9B00048FCB /* FirebaseAuthService.swift in Sources */,
				854D6D4123A28E76001BD091 /* CDYelpCategoriesResponse.swift in Sources */,
				854D6D3D23A28E76001BD091 /* CDColor.swift in Sources */,
				854D6D4E23A28E76001BD091 /* CDYelpBusinessResponse.swift in Sources */,
				859A29A923A7CF95005F8173 /* ImageHelper.swift in Sources */,
				858A987D2386D8820051AF45 /* FoodImagesViewController.swift in Sources */,
				854D6D3E23A28E76001BD091 /* CDYelpOpen.swift in Sources */,
				854D6D4523A28E76001BD091 /* Parameters+CDYelpFusionKit.swift in Sources */,
				858A983F2384319A0051AF45 /* AppDelegate.swift in Sources */,
				858A98792384EF840051AF45 /* FoldingCell.swift in Sources */,
				858A987123844A6C0051AF45 /* CustomActivityIndicator.swift in Sources */,
				85F92A6123903F4100048FCB /* String+Extensions.swift in Sources */,
				85021EE223FDAFA300F8AD7B /* QuickGrubOnboardOverlay.swift in Sources */,
				854D6D4623A28E76001BD091 /* CDYelpAutoCompleteResponse.swift in Sources */,
				8504D50F23CD367E002257A4 /* UserFavorite.swift in Sources */,
				854D6D5D23A51B13001BD091 /* Enums.swift in Sources */,
				854D6D4B23A28E76001BD091 /* CDYelpAPIClient.swift in Sources */,
				854D6D4323A28E76001BD091 /* CDYelpEventsResponse.swift in Sources */,
				854D6D3823A28E76001BD091 /* CDYelpError.swift in Sources */,
				854D6D3923A28E76001BD091 /* URL+CDYelpFusionKit.swift in Sources */,
				8504D51123CE5377002257A4 /* FavoriteViewController.swift in Sources */,
				8504513D23C05C57006DB14A /* BlurView Extension.swift in Sources */,
				8564EB3D239BF95D009AE8B5 /* UPCarouselFlowLayout.swift in Sources */,
				852C382A241BFB1D00EDD0DD /* LoginViewController+UIImagePickerControllerDelegate.swift in Sources */,
				858A9862238433A10051AF45 /* Custom Extension.swift in Sources */,
				8504D50D23CA4D5C002257A4 /* ForgetPasswordViewController.swift in Sources */,
				85F92A48239015C400048FCB /* Secrets.swift in Sources */,
				85021EDE23FD7C3200F8AD7B /* QuickGrubOnBoarding.swift in Sources */,
				854D6D5B23A43224001BD091 /* FilterModel.swift in Sources */,
				8564EB40239C0CC6009AE8B5 /* RelativeLayoutUtilityClass.swift in Sources */,
				854D6D3B23A28E76001BD091 /* CDYelpReviewsResponse.swift in Sources */,
				854D6D4C23A28E76001BD091 /* CDYelpCoordinates.swift in Sources */,
				854D6D4723A28E76001BD091 /* CDYelpReview.swift in Sources */,
				854D6D3C23A28E76001BD091 /* String+CDYelpFusionKit.swift in Sources */,
				85021EE423FDD27A00F8AD7B /* QuickGrubOnBoardingPage.swift in Sources */,
				854D6D5223A28E76001BD091 /* CDYelpRouter.swift in Sources */,
				854D6D4823A28E76001BD091 /* CDYelpEnums.swift in Sources */,
				859A29F423BA5A70005F8173 /* Protocol.swift in Sources */,
				854D6D3F23A28E76001BD091 /* CDYelpBusiness.swift in Sources */,
				854D6D5F23A5DF3D001BD091 /* GenericAlert.swift in Sources */,
				858A98412384319A0051AF45 /* SceneDelegate.swift in Sources */,
				85F92A5E23902DD900048FCB /* UserProfile.swift in Sources */,
				854D6D4423A28E76001BD091 /* CDImage+CDYelpFusionKit.swift in Sources */,
				854D6D3723A28E76001BD091 /* CDYelpEvent.swift in Sources */,
				854D6D4D23A28E76001BD091 /* CDImage.swift in Sources */,
			);
			runOnlyForDeploymentPostprocessing = 0;
		};
		858A984D2384319D0051AF45 /* Sources */ = {
			isa = PBXSourcesBuildPhase;
			buildActionMask = 2147483647;
			files = (
				858A98562384319D0051AF45 /* Quick_Grub2Tests.swift in Sources */,
			);
			runOnlyForDeploymentPostprocessing = 0;
		};
/* End PBXSourcesBuildPhase section */

/* Begin PBXTargetDependency section */
		858A98532384319D0051AF45 /* PBXTargetDependency */ = {
			isa = PBXTargetDependency;
			target = 858A983A2384319A0051AF45 /* Quick-Grub2 */;
			targetProxy = 858A98522384319D0051AF45 /* PBXContainerItemProxy */;
		};
/* End PBXTargetDependency section */

/* Begin PBXVariantGroup section */
		858A98492384319C0051AF45 /* LaunchScreen.storyboard */ = {
			isa = PBXVariantGroup;
			children = (
				858A984A2384319C0051AF45 /* Base */,
			);
			name = LaunchScreen.storyboard;
			sourceTree = "<group>";
		};
/* End PBXVariantGroup section */

/* Begin XCBuildConfiguration section */
		858A98582384319D0051AF45 /* Debug */ = {
			isa = XCBuildConfiguration;
			buildSettings = {
				ALWAYS_SEARCH_USER_PATHS = NO;
				CLANG_ANALYZER_NONNULL = YES;
				CLANG_ANALYZER_NUMBER_OBJECT_CONVERSION = YES_AGGRESSIVE;
				CLANG_CXX_LANGUAGE_STANDARD = "gnu++14";
				CLANG_CXX_LIBRARY = "libc++";
				CLANG_ENABLE_MODULES = YES;
				CLANG_ENABLE_OBJC_ARC = YES;
				CLANG_ENABLE_OBJC_WEAK = YES;
				CLANG_WARN_BLOCK_CAPTURE_AUTORELEASING = YES;
				CLANG_WARN_BOOL_CONVERSION = YES;
				CLANG_WARN_COMMA = YES;
				CLANG_WARN_CONSTANT_CONVERSION = YES;
				CLANG_WARN_DEPRECATED_OBJC_IMPLEMENTATIONS = YES;
				CLANG_WARN_DIRECT_OBJC_ISA_USAGE = YES_ERROR;
				CLANG_WARN_DOCUMENTATION_COMMENTS = YES;
				CLANG_WARN_EMPTY_BODY = YES;
				CLANG_WARN_ENUM_CONVERSION = YES;
				CLANG_WARN_INFINITE_RECURSION = YES;
				CLANG_WARN_INT_CONVERSION = YES;
				CLANG_WARN_NON_LITERAL_NULL_CONVERSION = YES;
				CLANG_WARN_OBJC_IMPLICIT_RETAIN_SELF = YES;
				CLANG_WARN_OBJC_LITERAL_CONVERSION = YES;
				CLANG_WARN_OBJC_ROOT_CLASS = YES_ERROR;
				CLANG_WARN_RANGE_LOOP_ANALYSIS = YES;
				CLANG_WARN_STRICT_PROTOTYPES = YES;
				CLANG_WARN_SUSPICIOUS_MOVE = YES;
				CLANG_WARN_UNGUARDED_AVAILABILITY = YES_AGGRESSIVE;
				CLANG_WARN_UNREACHABLE_CODE = YES;
				CLANG_WARN__DUPLICATE_METHOD_MATCH = YES;
				COPY_PHASE_STRIP = NO;
				DEBUG_INFORMATION_FORMAT = dwarf;
				ENABLE_STRICT_OBJC_MSGSEND = YES;
				ENABLE_TESTABILITY = YES;
				GCC_C_LANGUAGE_STANDARD = gnu11;
				GCC_DYNAMIC_NO_PIC = NO;
				GCC_NO_COMMON_BLOCKS = YES;
				GCC_OPTIMIZATION_LEVEL = 0;
				GCC_PREPROCESSOR_DEFINITIONS = (
					"DEBUG=1",
					"$(inherited)",
				);
				GCC_WARN_64_TO_32_BIT_CONVERSION = YES;
				GCC_WARN_ABOUT_RETURN_TYPE = YES_ERROR;
				GCC_WARN_UNDECLARED_SELECTOR = YES;
				GCC_WARN_UNINITIALIZED_AUTOS = YES_AGGRESSIVE;
				GCC_WARN_UNUSED_FUNCTION = YES;
				GCC_WARN_UNUSED_VARIABLE = YES;
				IPHONEOS_DEPLOYMENT_TARGET = 13.2;
				MTL_ENABLE_DEBUG_INFO = INCLUDE_SOURCE;
				MTL_FAST_MATH = YES;
				ONLY_ACTIVE_ARCH = YES;
				SDKROOT = iphoneos;
				SWIFT_ACTIVE_COMPILATION_CONDITIONS = DEBUG;
				SWIFT_OPTIMIZATION_LEVEL = "-Onone";
			};
			name = Debug;
		};
		858A98592384319D0051AF45 /* Release */ = {
			isa = XCBuildConfiguration;
			buildSettings = {
				ALWAYS_SEARCH_USER_PATHS = NO;
				CLANG_ANALYZER_NONNULL = YES;
				CLANG_ANALYZER_NUMBER_OBJECT_CONVERSION = YES_AGGRESSIVE;
				CLANG_CXX_LANGUAGE_STANDARD = "gnu++14";
				CLANG_CXX_LIBRARY = "libc++";
				CLANG_ENABLE_MODULES = YES;
				CLANG_ENABLE_OBJC_ARC = YES;
				CLANG_ENABLE_OBJC_WEAK = YES;
				CLANG_WARN_BLOCK_CAPTURE_AUTORELEASING = YES;
				CLANG_WARN_BOOL_CONVERSION = YES;
				CLANG_WARN_COMMA = YES;
				CLANG_WARN_CONSTANT_CONVERSION = YES;
				CLANG_WARN_DEPRECATED_OBJC_IMPLEMENTATIONS = YES;
				CLANG_WARN_DIRECT_OBJC_ISA_USAGE = YES_ERROR;
				CLANG_WARN_DOCUMENTATION_COMMENTS = YES;
				CLANG_WARN_EMPTY_BODY = YES;
				CLANG_WARN_ENUM_CONVERSION = YES;
				CLANG_WARN_INFINITE_RECURSION = YES;
				CLANG_WARN_INT_CONVERSION = YES;
				CLANG_WARN_NON_LITERAL_NULL_CONVERSION = YES;
				CLANG_WARN_OBJC_IMPLICIT_RETAIN_SELF = YES;
				CLANG_WARN_OBJC_LITERAL_CONVERSION = YES;
				CLANG_WARN_OBJC_ROOT_CLASS = YES_ERROR;
				CLANG_WARN_RANGE_LOOP_ANALYSIS = YES;
				CLANG_WARN_STRICT_PROTOTYPES = YES;
				CLANG_WARN_SUSPICIOUS_MOVE = YES;
				CLANG_WARN_UNGUARDED_AVAILABILITY = YES_AGGRESSIVE;
				CLANG_WARN_UNREACHABLE_CODE = YES;
				CLANG_WARN__DUPLICATE_METHOD_MATCH = YES;
				COPY_PHASE_STRIP = NO;
				DEBUG_INFORMATION_FORMAT = "dwarf-with-dsym";
				ENABLE_NS_ASSERTIONS = NO;
				ENABLE_STRICT_OBJC_MSGSEND = YES;
				GCC_C_LANGUAGE_STANDARD = gnu11;
				GCC_NO_COMMON_BLOCKS = YES;
				GCC_WARN_64_TO_32_BIT_CONVERSION = YES;
				GCC_WARN_ABOUT_RETURN_TYPE = YES_ERROR;
				GCC_WARN_UNDECLARED_SELECTOR = YES;
				GCC_WARN_UNINITIALIZED_AUTOS = YES_AGGRESSIVE;
				GCC_WARN_UNUSED_FUNCTION = YES;
				GCC_WARN_UNUSED_VARIABLE = YES;
				IPHONEOS_DEPLOYMENT_TARGET = 13.2;
				MTL_ENABLE_DEBUG_INFO = NO;
				MTL_FAST_MATH = YES;
				SDKROOT = iphoneos;
				SWIFT_COMPILATION_MODE = wholemodule;
				SWIFT_OPTIMIZATION_LEVEL = "-O";
				VALIDATE_PRODUCT = YES;
			};
			name = Release;
		};
		858A985B2384319D0051AF45 /* Debug */ = {
			isa = XCBuildConfiguration;
			baseConfigurationReference = C8E4CB845CA1560577CCB37F /* Pods-Quick-Grub2.debug.xcconfig */;
			buildSettings = {
				ASSETCATALOG_COMPILER_APPICON_NAME = AppIcon;
				CODE_SIGN_STYLE = Automatic;
				DEVELOPMENT_TEAM = 26RHXP32FH;
				INFOPLIST_FILE = "Quick-Grub2/Info.plist";
				IPHONEOS_DEPLOYMENT_TARGET = 13.0;
				LD_RUNPATH_SEARCH_PATHS = (
					"$(inherited)",
					"@executable_path/Frameworks",
				);
				PRODUCT_BUNDLE_IDENTIFIER = "myApps.Quick-Grub2";
				PRODUCT_NAME = "$(TARGET_NAME)";
				SWIFT_VERSION = 5.0;
				TARGETED_DEVICE_FAMILY = "1,2";
			};
			name = Debug;
		};
		858A985C2384319D0051AF45 /* Release */ = {
			isa = XCBuildConfiguration;
			baseConfigurationReference = 5CAE2684FF0D32BEB155D833 /* Pods-Quick-Grub2.release.xcconfig */;
			buildSettings = {
				ASSETCATALOG_COMPILER_APPICON_NAME = AppIcon;
				CODE_SIGN_STYLE = Automatic;
				DEVELOPMENT_TEAM = 26RHXP32FH;
				INFOPLIST_FILE = "Quick-Grub2/Info.plist";
				IPHONEOS_DEPLOYMENT_TARGET = 13.0;
				LD_RUNPATH_SEARCH_PATHS = (
					"$(inherited)",
					"@executable_path/Frameworks",
				);
				PRODUCT_BUNDLE_IDENTIFIER = "myApps.Quick-Grub2";
				PRODUCT_NAME = "$(TARGET_NAME)";
				SWIFT_VERSION = 5.0;
				TARGETED_DEVICE_FAMILY = "1,2";
			};
			name = Release;
		};
		858A985E2384319D0051AF45 /* Debug */ = {
			isa = XCBuildConfiguration;
			baseConfigurationReference = 21DF4C55D8A886C8B7DE2A8A /* Pods-Quick-Grub2Tests.debug.xcconfig */;
			buildSettings = {
				ALWAYS_EMBED_SWIFT_STANDARD_LIBRARIES = YES;
				BUNDLE_LOADER = "$(TEST_HOST)";
				CODE_SIGN_STYLE = Automatic;
				INFOPLIST_FILE = "Quick-Grub2Tests/Info.plist";
				IPHONEOS_DEPLOYMENT_TARGET = 13.2;
				LD_RUNPATH_SEARCH_PATHS = (
					"$(inherited)",
					"@executable_path/Frameworks",
					"@loader_path/Frameworks",
				);
				PRODUCT_BUNDLE_IDENTIFIER = "myApps.Quick-Grub2Tests";
				PRODUCT_NAME = "$(TARGET_NAME)";
				SWIFT_VERSION = 5.0;
				TARGETED_DEVICE_FAMILY = "1,2";
				TEST_HOST = "$(BUILT_PRODUCTS_DIR)/Quick-Grub2.app/Quick-Grub2";
			};
			name = Debug;
		};
		858A985F2384319D0051AF45 /* Release */ = {
			isa = XCBuildConfiguration;
			baseConfigurationReference = 22B9CCC8647BBB0EB63C2310 /* Pods-Quick-Grub2Tests.release.xcconfig */;
			buildSettings = {
				ALWAYS_EMBED_SWIFT_STANDARD_LIBRARIES = YES;
				BUNDLE_LOADER = "$(TEST_HOST)";
				CODE_SIGN_STYLE = Automatic;
				INFOPLIST_FILE = "Quick-Grub2Tests/Info.plist";
				IPHONEOS_DEPLOYMENT_TARGET = 13.2;
				LD_RUNPATH_SEARCH_PATHS = (
					"$(inherited)",
					"@executable_path/Frameworks",
					"@loader_path/Frameworks",
				);
				PRODUCT_BUNDLE_IDENTIFIER = "myApps.Quick-Grub2Tests";
				PRODUCT_NAME = "$(TARGET_NAME)";
				SWIFT_VERSION = 5.0;
				TARGETED_DEVICE_FAMILY = "1,2";
				TEST_HOST = "$(BUILT_PRODUCTS_DIR)/Quick-Grub2.app/Quick-Grub2";
			};
			name = Release;
		};
/* End XCBuildConfiguration section */

/* Begin XCConfigurationList section */
		858A98362384319A0051AF45 /* Build configuration list for PBXProject "Quick-Grub2" */ = {
			isa = XCConfigurationList;
			buildConfigurations = (
				858A98582384319D0051AF45 /* Debug */,
				858A98592384319D0051AF45 /* Release */,
			);
			defaultConfigurationIsVisible = 0;
			defaultConfigurationName = Release;
		};
		858A985A2384319D0051AF45 /* Build configuration list for PBXNativeTarget "Quick-Grub2" */ = {
			isa = XCConfigurationList;
			buildConfigurations = (
				858A985B2384319D0051AF45 /* Debug */,
				858A985C2384319D0051AF45 /* Release */,
			);
			defaultConfigurationIsVisible = 0;
			defaultConfigurationName = Release;
		};
		858A985D2384319D0051AF45 /* Build configuration list for PBXNativeTarget "Quick-Grub2Tests" */ = {
			isa = XCConfigurationList;
			buildConfigurations = (
				858A985E2384319D0051AF45 /* Debug */,
				858A985F2384319D0051AF45 /* Release */,
			);
			defaultConfigurationIsVisible = 0;
			defaultConfigurationName = Release;
		};
/* End XCConfigurationList section */
	};
	rootObject = 858A98332384319A0051AF45 /* Project object */;
}
