// !$*UTF8*$!
{
	archiveVersion = 1;
	classes = {
	};
	objectVersion = 50;
	objects = {

/* Begin PBXBuildFile section */
		858A983F2384319A0051AF45 /* AppDelegate.swift in Sources */ = {isa = PBXBuildFile; fileRef = 858A983E2384319A0051AF45 /* AppDelegate.swift */; };
		858A98412384319A0051AF45 /* SceneDelegate.swift in Sources */ = {isa = PBXBuildFile; fileRef = 858A98402384319A0051AF45 /* SceneDelegate.swift */; };
		858A98432384319A0051AF45 /* LoginViewController.swift in Sources */ = {isa = PBXBuildFile; fileRef = 858A98422384319A0051AF45 /* LoginViewController.swift */; };
		858A98482384319C0051AF45 /* Assets.xcassets in Resources */ = {isa = PBXBuildFile; fileRef = 858A98472384319C0051AF45 /* Assets.xcassets */; };
		858A984B2384319C0051AF45 /* LaunchScreen.storyboard in Resources */ = {isa = PBXBuildFile; fileRef = 858A98492384319C0051AF45 /* LaunchScreen.storyboard */; };
		858A98562384319D0051AF45 /* Quick_Grub2Tests.swift in Sources */ = {isa = PBXBuildFile; fileRef = 858A98552384319D0051AF45 /* Quick_Grub2Tests.swift */; };
		858A9862238433A10051AF45 /* UILabel-Extension.swift in Sources */ = {isa = PBXBuildFile; fileRef = 858A9861238433A10051AF45 /* UILabel-Extension.swift */; };
		858A9864238434F30051AF45 /* CustomLayer.swift in Sources */ = {isa = PBXBuildFile; fileRef = 858A9863238434F30051AF45 /* CustomLayer.swift */; };
		858A9866238435370051AF45 /* UIColor-Extension.swift in Sources */ = {isa = PBXBuildFile; fileRef = 858A9865238435370051AF45 /* UIColor-Extension.swift */; };
		858A9868238435AA0051AF45 /* UIButton-Extension.swift in Sources */ = {isa = PBXBuildFile; fileRef = 858A9867238435AA0051AF45 /* UIButton-Extension.swift */; };
		858A986B238437C80051AF45 /* UITextField - Padding.swift in Sources */ = {isa = PBXBuildFile; fileRef = 858A986A238437C80051AF45 /* UITextField - Padding.swift */; };
		858A986D23843B680051AF45 /* WelcomeViewController.swift in Sources */ = {isa = PBXBuildFile; fileRef = 858A986C23843B680051AF45 /* WelcomeViewController.swift */; };
/* End PBXBuildFile section */

/* Begin PBXContainerItemProxy section */
		858A98522384319D0051AF45 /* PBXContainerItemProxy */ = {
			isa = PBXContainerItemProxy;
			containerPortal = 858A98332384319A0051AF45 /* Project object */;
			proxyType = 1;
			remoteGlobalIDString = 858A983A2384319A0051AF45;
			remoteInfo = "Quick-Grub2";
		};
/* End PBXContainerItemProxy section */

/* Begin PBXFileReference section */
		858A983B2384319A0051AF45 /* Quick-Grub2.app */ = {isa = PBXFileReference; explicitFileType = wrapper.application; includeInIndex = 0; path = "Quick-Grub2.app"; sourceTree = BUILT_PRODUCTS_DIR; };
		858A983E2384319A0051AF45 /* AppDelegate.swift */ = {isa = PBXFileReference; lastKnownFileType = sourcecode.swift; path = AppDelegate.swift; sourceTree = "<group>"; };
		858A98402384319A0051AF45 /* SceneDelegate.swift */ = {isa = PBXFileReference; lastKnownFileType = sourcecode.swift; path = SceneDelegate.swift; sourceTree = "<group>"; };
		858A98422384319A0051AF45 /* LoginViewController.swift */ = {isa = PBXFileReference; lastKnownFileType = sourcecode.swift; path = LoginViewController.swift; sourceTree = "<group>"; };
		858A98472384319C0051AF45 /* Assets.xcassets */ = {isa = PBXFileReference; lastKnownFileType = folder.assetcatalog; path = Assets.xcassets; sourceTree = "<group>"; };
		858A984A2384319C0051AF45 /* Base */ = {isa = PBXFileReference; lastKnownFileType = file.storyboard; name = Base; path = Base.lproj/LaunchScreen.storyboard; sourceTree = "<group>"; };
		858A984C2384319C0051AF45 /* Info.plist */ = {isa = PBXFileReference; lastKnownFileType = text.plist.xml; path = Info.plist; sourceTree = "<group>"; };
		858A98512384319D0051AF45 /* Quick-Grub2Tests.xctest */ = {isa = PBXFileReference; explicitFileType = wrapper.cfbundle; includeInIndex = 0; path = "Quick-Grub2Tests.xctest"; sourceTree = BUILT_PRODUCTS_DIR; };
		858A98552384319D0051AF45 /* Quick_Grub2Tests.swift */ = {isa = PBXFileReference; lastKnownFileType = sourcecode.swift; path = Quick_Grub2Tests.swift; sourceTree = "<group>"; };
		858A98572384319D0051AF45 /* Info.plist */ = {isa = PBXFileReference; lastKnownFileType = text.plist.xml; path = Info.plist; sourceTree = "<group>"; };
		858A9861238433A10051AF45 /* UILabel-Extension.swift */ = {isa = PBXFileReference; lastKnownFileType = sourcecode.swift; path = "UILabel-Extension.swift"; sourceTree = "<group>"; };
		858A9863238434F30051AF45 /* CustomLayer.swift */ = {isa = PBXFileReference; lastKnownFileType = sourcecode.swift; path = CustomLayer.swift; sourceTree = "<group>"; };
		858A9865238435370051AF45 /* UIColor-Extension.swift */ = {isa = PBXFileReference; lastKnownFileType = sourcecode.swift; path = "UIColor-Extension.swift"; sourceTree = "<group>"; };
		858A9867238435AA0051AF45 /* UIButton-Extension.swift */ = {isa = PBXFileReference; lastKnownFileType = sourcecode.swift; path = "UIButton-Extension.swift"; sourceTree = "<group>"; };
		858A986A238437C80051AF45 /* UITextField - Padding.swift */ = {isa = PBXFileReference; lastKnownFileType = sourcecode.swift; path = "UITextField - Padding.swift"; sourceTree = "<group>"; };
		858A986C23843B680051AF45 /* WelcomeViewController.swift */ = {isa = PBXFileReference; lastKnownFileType = sourcecode.swift; path = WelcomeViewController.swift; sourceTree = "<group>"; };
/* End PBXFileReference section */

/* Begin PBXFrameworksBuildPhase section */
		858A98382384319A0051AF45 /* Frameworks */ = {
			isa = PBXFrameworksBuildPhase;
			buildActionMask = 2147483647;
			files = (
			);
			runOnlyForDeploymentPostprocessing = 0;
		};
		858A984E2384319D0051AF45 /* Frameworks */ = {
			isa = PBXFrameworksBuildPhase;
			buildActionMask = 2147483647;
			files = (
			);
			runOnlyForDeploymentPostprocessing = 0;
		};
/* End PBXFrameworksBuildPhase section */

/* Begin PBXGroup section */
		858A98322384319A0051AF45 = {
			isa = PBXGroup;
			children = (
				858A983D2384319A0051AF45 /* Quick-Grub2 */,
				858A9869238435F90051AF45 /* Custom Extensions */,
				858A9860238433160051AF45 /* ViewControllers */,
				858A98542384319D0051AF45 /* Quick-Grub2Tests */,
				858A983C2384319A0051AF45 /* Products */,
			);
			sourceTree = "<group>";
		};
		858A983C2384319A0051AF45 /* Products */ = {
			isa = PBXGroup;
			children = (
				858A983B2384319A0051AF45 /* Quick-Grub2.app */,
				858A98512384319D0051AF45 /* Quick-Grub2Tests.xctest */,
			);
			name = Products;
			sourceTree = "<group>";
		};
		858A983D2384319A0051AF45 /* Quick-Grub2 */ = {
			isa = PBXGroup;
			children = (
				858A983E2384319A0051AF45 /* AppDelegate.swift */,
				858A98402384319A0051AF45 /* SceneDelegate.swift */,
				858A98472384319C0051AF45 /* Assets.xcassets */,
				858A98492384319C0051AF45 /* LaunchScreen.storyboard */,
				858A984C2384319C0051AF45 /* Info.plist */,
			);
			path = "Quick-Grub2";
			sourceTree = "<group>";
		};
		858A98542384319D0051AF45 /* Quick-Grub2Tests */ = {
			isa = PBXGroup;
			children = (
				858A98552384319D0051AF45 /* Quick_Grub2Tests.swift */,
				858A98572384319D0051AF45 /* Info.plist */,
			);
			path = "Quick-Grub2Tests";
			sourceTree = "<group>";
		};
		858A9860238433160051AF45 /* ViewControllers */ = {
			isa = PBXGroup;
			children = (
				858A98422384319A0051AF45 /* LoginViewController.swift */,
				858A986C23843B680051AF45 /* WelcomeViewController.swift */,
			);
			path = ViewControllers;
			sourceTree = "<group>";
		};
		858A9869238435F90051AF45 /* Custom Extensions */ = {
			isa = PBXGroup;
			children = (
				858A9861238433A10051AF45 /* UILabel-Extension.swift */,
				858A9863238434F30051AF45 /* CustomLayer.swift */,
				858A9865238435370051AF45 /* UIColor-Extension.swift */,
				858A986A238437C80051AF45 /* UITextField - Padding.swift */,
				858A9867238435AA0051AF45 /* UIButton-Extension.swift */,
			);
			path = "Custom Extensions";
			sourceTree = "<group>";
		};
/* End PBXGroup section */

/* Begin PBXNativeTarget section */
		858A983A2384319A0051AF45 /* Quick-Grub2 */ = {
			isa = PBXNativeTarget;
			buildConfigurationList = 858A985A2384319D0051AF45 /* Build configuration list for PBXNativeTarget "Quick-Grub2" */;
			buildPhases = (
				858A98372384319A0051AF45 /* Sources */,
				858A98382384319A0051AF45 /* Frameworks */,
				858A98392384319A0051AF45 /* Resources */,
			);
			buildRules = (
			);
			dependencies = (
			);
			name = "Quick-Grub2";
			productName = "Quick-Grub2";
			productReference = 858A983B2384319A0051AF45 /* Quick-Grub2.app */;
			productType = "com.apple.product-type.application";
		};
		858A98502384319D0051AF45 /* Quick-Grub2Tests */ = {
			isa = PBXNativeTarget;
			buildConfigurationList = 858A985D2384319D0051AF45 /* Build configuration list for PBXNativeTarget "Quick-Grub2Tests" */;
			buildPhases = (
				858A984D2384319D0051AF45 /* Sources */,
				858A984E2384319D0051AF45 /* Frameworks */,
				858A984F2384319D0051AF45 /* Resources */,
			);
			buildRules = (
			);
			dependencies = (
				858A98532384319D0051AF45 /* PBXTargetDependency */,
			);
			name = "Quick-Grub2Tests";
			productName = "Quick-Grub2Tests";
			productReference = 858A98512384319D0051AF45 /* Quick-Grub2Tests.xctest */;
			productType = "com.apple.product-type.bundle.unit-test";
		};
/* End PBXNativeTarget section */

/* Begin PBXProject section */
		858A98332384319A0051AF45 /* Project object */ = {
			isa = PBXProject;
			attributes = {
				LastSwiftUpdateCheck = 1120;
				LastUpgradeCheck = 1120;
				ORGANIZATIONNAME = "Mr Wonderful";
				TargetAttributes = {
					858A983A2384319A0051AF45 = {
						CreatedOnToolsVersion = 11.2.1;
					};
					858A98502384319D0051AF45 = {
						CreatedOnToolsVersion = 11.2.1;
						TestTargetID = 858A983A2384319A0051AF45;
					};
				};
			};
			buildConfigurationList = 858A98362384319A0051AF45 /* Build configuration list for PBXProject "Quick-Grub2" */;
			compatibilityVersion = "Xcode 9.3";
			developmentRegion = en;
			hasScannedForEncodings = 0;
			knownRegions = (
				en,
				Base,
			);
			mainGroup = 858A98322384319A0051AF45;
			productRefGroup = 858A983C2384319A0051AF45 /* Products */;
			projectDirPath = "";
			projectRoot = "";
			targets = (
				858A983A2384319A0051AF45 /* Quick-Grub2 */,
				858A98502384319D0051AF45 /* Quick-Grub2Tests */,
			);
		};
/* End PBXProject section */

/* Begin PBXResourcesBuildPhase section */
		858A98392384319A0051AF45 /* Resources */ = {
			isa = PBXResourcesBuildPhase;
			buildActionMask = 2147483647;
			files = (
				858A984B2384319C0051AF45 /* LaunchScreen.storyboard in Resources */,
				858A98482384319C0051AF45 /* Assets.xcassets in Resources */,
			);
			runOnlyForDeploymentPostprocessing = 0;
		};
		858A984F2384319D0051AF45 /* Resources */ = {
			isa = PBXResourcesBuildPhase;
			buildActionMask = 2147483647;
			files = (
			);
			runOnlyForDeploymentPostprocessing = 0;
		};
/* End PBXResourcesBuildPhase section */

/* Begin PBXSourcesBuildPhase section */
		858A98372384319A0051AF45 /* Sources */ = {
			isa = PBXSourcesBuildPhase;
			buildActionMask = 2147483647;
			files = (
				858A986D23843B680051AF45 /* WelcomeViewController.swift in Sources */,
				858A9864238434F30051AF45 /* CustomLayer.swift in Sources */,
				858A986B238437C80051AF45 /* UITextField - Padding.swift in Sources */,
				858A9868238435AA0051AF45 /* UIButton-Extension.swift in Sources */,
				858A9866238435370051AF45 /* UIColor-Extension.swift in Sources */,
				858A98432384319A0051AF45 /* LoginViewController.swift in Sources */,
				858A983F2384319A0051AF45 /* AppDelegate.swift in Sources */,
				858A9862238433A10051AF45 /* UILabel-Extension.swift in Sources */,
				858A98412384319A0051AF45 /* SceneDelegate.swift in Sources */,
			);
			runOnlyForDeploymentPostprocessing = 0;
		};
		858A984D2384319D0051AF45 /* Sources */ = {
			isa = PBXSourcesBuildPhase;
			buildActionMask = 2147483647;
			files = (
				858A98562384319D0051AF45 /* Quick_Grub2Tests.swift in Sources */,
			);
			runOnlyForDeploymentPostprocessing = 0;
		};
/* End PBXSourcesBuildPhase section */

/* Begin PBXTargetDependency section */
		858A98532384319D0051AF45 /* PBXTargetDependency */ = {
			isa = PBXTargetDependency;
			target = 858A983A2384319A0051AF45 /* Quick-Grub2 */;
			targetProxy = 858A98522384319D0051AF45 /* PBXContainerItemProxy */;
		};
/* End PBXTargetDependency section */

/* Begin PBXVariantGroup section */
		858A98492384319C0051AF45 /* LaunchScreen.storyboard */ = {
			isa = PBXVariantGroup;
			children = (
				858A984A2384319C0051AF45 /* Base */,
			);
			name = LaunchScreen.storyboard;
			sourceTree = "<group>";
		};
/* End PBXVariantGroup section */

/* Begin XCBuildConfiguration section */
		858A98582384319D0051AF45 /* Debug */ = {
			isa = XCBuildConfiguration;
			buildSettings = {
				ALWAYS_SEARCH_USER_PATHS = NO;
				CLANG_ANALYZER_NONNULL = YES;
				CLANG_ANALYZER_NUMBER_OBJECT_CONVERSION = YES_AGGRESSIVE;
				CLANG_CXX_LANGUAGE_STANDARD = "gnu++14";
				CLANG_CXX_LIBRARY = "libc++";
				CLANG_ENABLE_MODULES = YES;
				CLANG_ENABLE_OBJC_ARC = YES;
				CLANG_ENABLE_OBJC_WEAK = YES;
				CLANG_WARN_BLOCK_CAPTURE_AUTORELEASING = YES;
				CLANG_WARN_BOOL_CONVERSION = YES;
				CLANG_WARN_COMMA = YES;
				CLANG_WARN_CONSTANT_CONVERSION = YES;
				CLANG_WARN_DEPRECATED_OBJC_IMPLEMENTATIONS = YES;
				CLANG_WARN_DIRECT_OBJC_ISA_USAGE = YES_ERROR;
				CLANG_WARN_DOCUMENTATION_COMMENTS = YES;
				CLANG_WARN_EMPTY_BODY = YES;
				CLANG_WARN_ENUM_CONVERSION = YES;
				CLANG_WARN_INFINITE_RECURSION = YES;
				CLANG_WARN_INT_CONVERSION = YES;
				CLANG_WARN_NON_LITERAL_NULL_CONVERSION = YES;
				CLANG_WARN_OBJC_IMPLICIT_RETAIN_SELF = YES;
				CLANG_WARN_OBJC_LITERAL_CONVERSION = YES;
				CLANG_WARN_OBJC_ROOT_CLASS = YES_ERROR;
				CLANG_WARN_RANGE_LOOP_ANALYSIS = YES;
				CLANG_WARN_STRICT_PROTOTYPES = YES;
				CLANG_WARN_SUSPICIOUS_MOVE = YES;
				CLANG_WARN_UNGUARDED_AVAILABILITY = YES_AGGRESSIVE;
				CLANG_WARN_UNREACHABLE_CODE = YES;
				CLANG_WARN__DUPLICATE_METHOD_MATCH = YES;
				COPY_PHASE_STRIP = NO;
				DEBUG_INFORMATION_FORMAT = dwarf;
				ENABLE_STRICT_OBJC_MSGSEND = YES;
				ENABLE_TESTABILITY = YES;
				GCC_C_LANGUAGE_STANDARD = gnu11;
				GCC_DYNAMIC_NO_PIC = NO;
				GCC_NO_COMMON_BLOCKS = YES;
				GCC_OPTIMIZATION_LEVEL = 0;
				GCC_PREPROCESSOR_DEFINITIONS = (
					"DEBUG=1",
					"$(inherited)",
				);
				GCC_WARN_64_TO_32_BIT_CONVERSION = YES;
				GCC_WARN_ABOUT_RETURN_TYPE = YES_ERROR;
				GCC_WARN_UNDECLARED_SELECTOR = YES;
				GCC_WARN_UNINITIALIZED_AUTOS = YES_AGGRESSIVE;
				GCC_WARN_UNUSED_FUNCTION = YES;
				GCC_WARN_UNUSED_VARIABLE = YES;
				IPHONEOS_DEPLOYMENT_TARGET = 13.2;
				MTL_ENABLE_DEBUG_INFO = INCLUDE_SOURCE;
				MTL_FAST_MATH = YES;
				ONLY_ACTIVE_ARCH = YES;
				SDKROOT = iphoneos;
				SWIFT_ACTIVE_COMPILATION_CONDITIONS = DEBUG;
				SWIFT_OPTIMIZATION_LEVEL = "-Onone";
			};
			name = Debug;
		};
		858A98592384319D0051AF45 /* Release */ = {
			isa = XCBuildConfiguration;
			buildSettings = {
				ALWAYS_SEARCH_USER_PATHS = NO;
				CLANG_ANALYZER_NONNULL = YES;
				CLANG_ANALYZER_NUMBER_OBJECT_CONVERSION = YES_AGGRESSIVE;
				CLANG_CXX_LANGUAGE_STANDARD = "gnu++14";
				CLANG_CXX_LIBRARY = "libc++";
				CLANG_ENABLE_MODULES = YES;
				CLANG_ENABLE_OBJC_ARC = YES;
				CLANG_ENABLE_OBJC_WEAK = YES;
				CLANG_WARN_BLOCK_CAPTURE_AUTORELEASING = YES;
				CLANG_WARN_BOOL_CONVERSION = YES;
				CLANG_WARN_COMMA = YES;
				CLANG_WARN_CONSTANT_CONVERSION = YES;
				CLANG_WARN_DEPRECATED_OBJC_IMPLEMENTATIONS = YES;
				CLANG_WARN_DIRECT_OBJC_ISA_USAGE = YES_ERROR;
				CLANG_WARN_DOCUMENTATION_COMMENTS = YES;
				CLANG_WARN_EMPTY_BODY = YES;
				CLANG_WARN_ENUM_CONVERSION = YES;
				CLANG_WARN_INFINITE_RECURSION = YES;
				CLANG_WARN_INT_CONVERSION = YES;
				CLANG_WARN_NON_LITERAL_NULL_CONVERSION = YES;
				CLANG_WARN_OBJC_IMPLICIT_RETAIN_SELF = YES;
				CLANG_WARN_OBJC_LITERAL_CONVERSION = YES;
				CLANG_WARN_OBJC_ROOT_CLASS = YES_ERROR;
				CLANG_WARN_RANGE_LOOP_ANALYSIS = YES;
				CLANG_WARN_STRICT_PROTOTYPES = YES;
				CLANG_WARN_SUSPICIOUS_MOVE = YES;
				CLANG_WARN_UNGUARDED_AVAILABILITY = YES_AGGRESSIVE;
				CLANG_WARN_UNREACHABLE_CODE = YES;
				CLANG_WARN__DUPLICATE_METHOD_MATCH = YES;
				COPY_PHASE_STRIP = NO;
				DEBUG_INFORMATION_FORMAT = "dwarf-with-dsym";
				ENABLE_NS_ASSERTIONS = NO;
				ENABLE_STRICT_OBJC_MSGSEND = YES;
				GCC_C_LANGUAGE_STANDARD = gnu11;
				GCC_NO_COMMON_BLOCKS = YES;
				GCC_WARN_64_TO_32_BIT_CONVERSION = YES;
				GCC_WARN_ABOUT_RETURN_TYPE = YES_ERROR;
				GCC_WARN_UNDECLARED_SELECTOR = YES;
				GCC_WARN_UNINITIALIZED_AUTOS = YES_AGGRESSIVE;
				GCC_WARN_UNUSED_FUNCTION = YES;
				GCC_WARN_UNUSED_VARIABLE = YES;
				IPHONEOS_DEPLOYMENT_TARGET = 13.2;
				MTL_ENABLE_DEBUG_INFO = NO;
				MTL_FAST_MATH = YES;
				SDKROOT = iphoneos;
				SWIFT_COMPILATION_MODE = wholemodule;
				SWIFT_OPTIMIZATION_LEVEL = "-O";
				VALIDATE_PRODUCT = YES;
			};
			name = Release;
		};
		858A985B2384319D0051AF45 /* Debug */ = {
			isa = XCBuildConfiguration;
			buildSettings = {
				ASSETCATALOG_COMPILER_APPICON_NAME = AppIcon;
				CODE_SIGN_STYLE = Automatic;
				INFOPLIST_FILE = "Quick-Grub2/Info.plist";
				LD_RUNPATH_SEARCH_PATHS = (
					"$(inherited)",
					"@executable_path/Frameworks",
				);
				PRODUCT_BUNDLE_IDENTIFIER = "myApps.Quick-Grub2";
				PRODUCT_NAME = "$(TARGET_NAME)";
				SWIFT_VERSION = 5.0;
				TARGETED_DEVICE_FAMILY = "1,2";
			};
			name = Debug;
		};
		858A985C2384319D0051AF45 /* Release */ = {
			isa = XCBuildConfiguration;
			buildSettings = {
				ASSETCATALOG_COMPILER_APPICON_NAME = AppIcon;
				CODE_SIGN_STYLE = Automatic;
				INFOPLIST_FILE = "Quick-Grub2/Info.plist";
				LD_RUNPATH_SEARCH_PATHS = (
					"$(inherited)",
					"@executable_path/Frameworks",
				);
				PRODUCT_BUNDLE_IDENTIFIER = "myApps.Quick-Grub2";
				PRODUCT_NAME = "$(TARGET_NAME)";
				SWIFT_VERSION = 5.0;
				TARGETED_DEVICE_FAMILY = "1,2";
			};
			name = Release;
		};
		858A985E2384319D0051AF45 /* Debug */ = {
			isa = XCBuildConfiguration;
			buildSettings = {
				ALWAYS_EMBED_SWIFT_STANDARD_LIBRARIES = YES;
				BUNDLE_LOADER = "$(TEST_HOST)";
				CODE_SIGN_STYLE = Automatic;
				INFOPLIST_FILE = "Quick-Grub2Tests/Info.plist";
				IPHONEOS_DEPLOYMENT_TARGET = 13.2;
				LD_RUNPATH_SEARCH_PATHS = (
					"$(inherited)",
					"@executable_path/Frameworks",
					"@loader_path/Frameworks",
				);
				PRODUCT_BUNDLE_IDENTIFIER = "myApps.Quick-Grub2Tests";
				PRODUCT_NAME = "$(TARGET_NAME)";
				SWIFT_VERSION = 5.0;
				TARGETED_DEVICE_FAMILY = "1,2";
				TEST_HOST = "$(BUILT_PRODUCTS_DIR)/Quick-Grub2.app/Quick-Grub2";
			};
			name = Debug;
		};
		858A985F2384319D0051AF45 /* Release */ = {
			isa = XCBuildConfiguration;
			buildSettings = {
				ALWAYS_EMBED_SWIFT_STANDARD_LIBRARIES = YES;
				BUNDLE_LOADER = "$(TEST_HOST)";
				CODE_SIGN_STYLE = Automatic;
				INFOPLIST_FILE = "Quick-Grub2Tests/Info.plist";
				IPHONEOS_DEPLOYMENT_TARGET = 13.2;
				LD_RUNPATH_SEARCH_PATHS = (
					"$(inherited)",
					"@executable_path/Frameworks",
					"@loader_path/Frameworks",
				);
				PRODUCT_BUNDLE_IDENTIFIER = "myApps.Quick-Grub2Tests";
				PRODUCT_NAME = "$(TARGET_NAME)";
				SWIFT_VERSION = 5.0;
				TARGETED_DEVICE_FAMILY = "1,2";
				TEST_HOST = "$(BUILT_PRODUCTS_DIR)/Quick-Grub2.app/Quick-Grub2";
			};
			name = Release;
		};
/* End XCBuildConfiguration section */

/* Begin XCConfigurationList section */
		858A98362384319A0051AF45 /* Build configuration list for PBXProject "Quick-Grub2" */ = {
			isa = XCConfigurationList;
			buildConfigurations = (
				858A98582384319D0051AF45 /* Debug */,
				858A98592384319D0051AF45 /* Release */,
			);
			defaultConfigurationIsVisible = 0;
			defaultConfigurationName = Release;
		};
		858A985A2384319D0051AF45 /* Build configuration list for PBXNativeTarget "Quick-Grub2" */ = {
			isa = XCConfigurationList;
			buildConfigurations = (
				858A985B2384319D0051AF45 /* Debug */,
				858A985C2384319D0051AF45 /* Release */,
			);
			defaultConfigurationIsVisible = 0;
			defaultConfigurationName = Release;
		};
		858A985D2384319D0051AF45 /* Build configuration list for PBXNativeTarget "Quick-Grub2Tests" */ = {
			isa = XCConfigurationList;
			buildConfigurations = (
				858A985E2384319D0051AF45 /* Debug */,
				858A985F2384319D0051AF45 /* Release */,
			);
			defaultConfigurationIsVisible = 0;
			defaultConfigurationName = Release;
		};
/* End XCConfigurationList section */
	};
	rootObject = 858A98332384319A0051AF45 /* Project object */;
}
